
Microsoft Visual Studio Solution File, Format Version 12.00
# Visual Studio Version 17
VisualStudioVersion = 17.2.32616.157
MinimumVisualStudioVersion = 10.0.40219.1
Project("{FAE04EC0-301F-11D3-BF4B-00C04F79EFBC}") = "Exercise_02.CalculateAdd", "Exercise_02.CalculateAdd\Exercise_02.CalculateAdd.csproj", "{7E56DD59-E20E-4FF3-ABFF-DF2AADCF46FF}"
EndProject
Global
	GlobalSection(SolutionConfigurationPlatforms) = preSolution
		Debug|Any CPU = Debug|Any CPU
		Release|Any CPU = Release|Any CPU
	EndGlobalSection
	GlobalSection(ProjectConfigurationPlatforms) = postSolution
		{7E56DD59-E20E-4FF3-ABFF-DF2AADCF46FF}.Debug|Any CPU.ActiveCfg = Debug|Any CPU
		{7E56DD59-E20E-4FF3-ABFF-DF2AADCF46FF}.Debug|Any CPU.Build.0 = Debug|Any CPU
		{7E56DD59-E20E-4FF3-ABFF-DF2AADCF46FF}.Release|Any CPU.ActiveCfg = Release|Any CPU
		{7E56DD59-E20E-4FF3-ABFF-DF2AADCF46FF}.Release|Any CPU.Build.0 = Release|Any CPU
	EndGlobalSection
	GlobalSection(SolutionProperties) = preSolution
		HideSolutionNode = FALSE
	EndGlobalSection
	GlobalSection(ExtensibilityGlobals) = postSolution
		SolutionGuid = {9652877C-F49E-4C3E-A2FB-5699FC4B7C45}
	EndGlobalSection
EndGlobal
