
Microsoft Visual Studio Solution File, Format Version 12.00
# Visual Studio Version 17
VisualStudioVersion = 17.0.32014.148
MinimumVisualStudioVersion = 10.0.40219.1
Project("{2150E333-8FDC-42A3-9474-1A3956D46DE8}") = "DataBasePractice", "DataBasePractice", "{BC2B9BC9-DDF4-4616-84F6-ED9BDB4B6980}"
EndProject
Project("{2150E333-8FDC-42A3-9474-1A3956D46DE8}") = "DataStructurePractice", "DataStructurePractice", "{1E362BB3-2A6C-477C-ABE8-A261397B41B3}"
	ProjectSection(SolutionItems) = preProject
		..\..\..\OneDrive\Desktop\הקלטת שיעורים עם חיים.txt = ..\..\..\OneDrive\Desktop\הקלטת שיעורים עם חיים.txt
	EndProjectSection
EndProject
Project("{2150E333-8FDC-42A3-9474-1A3956D46DE8}") = "ewmsCsharpUnDevelopVersion", "ewmsCsharpUnDevelopVersion", "{D93B37F6-04C2-4B22-ACB9-62F3CE41CBBD}"
EndProject
Project("{9A19103F-16F7-4668-BE54-9A1E7A4F7556}") = "ExamMySQL_MongoDB", "DataBasePractice\ExamMySQL_MongoDB\ExamMySQL_MongoDB.csproj", "{BFB302CC-1CF1-4C8C-BF2C-2D2EC35FD267}"
EndProject
Project("{9A19103F-16F7-4668-BE54-9A1E7A4F7556}") = "8_MaarivNewsApp_XMLRSS", "DataStructurePractice\8_MaarivNewsAppXML_RSS\8_MaarivNewsApp_XMLRSS.csproj", "{83B1F316-19F8-4EF2-8D89-BB2586A3FB4F}"
EndProject
Project("{9A19103F-16F7-4668-BE54-9A1E7A4F7556}") = "7_Tree_WinFormsApp", "DataStructurePractice\7_Tree-WinFormsApp_FailApp\7_Tree_WinFormsApp.csproj", "{B1200F0A-AA5A-4B4A-9347-1601C2098201}"
EndProject
Project("{9A19103F-16F7-4668-BE54-9A1E7A4F7556}") = "MySQL_MongoDB_Cars_Students", "DataBasePractice\MySQL_MongoDB_Cars_Students\MySQL_MongoDB_Cars_Students.csproj", "{0BE2848B-80BC-4CA8-9220-9EF7B6F3308F}"
EndProject
Project("{9A19103F-16F7-4668-BE54-9A1E7A4F7556}") = "Elias_mongoDb-console-app", "DataBasePractice\Elias_mongoDb-console-app\Elias_mongoDb-console-app.csproj", "{6FCDDC1F-0B3B-46C4-BC79-6FC6CEFC3BCA}"
EndProject
Project("{9A19103F-16F7-4668-BE54-9A1E7A4F7556}") = "Elias_mongoDBWindowApp_PassagersPractice", "DataBasePractice\Elias_mongoDBWindowApp_PassagersPractice\Elias_mongoDBWindowApp_PassagersPractice.csproj", "{246F0E12-5735-4FED-8C0E-B8202CEA28A8}"
EndProject
Project("{9A19103F-16F7-4668-BE54-9A1E7A4F7556}") = "6_LottoReadFromFile", "DataStructurePractice\6_LottoReadFromFile\6_LottoReadFromFile.csproj", "{A97C3E75-934E-4658-A95C-3F28B391E0B7}"
EndProject
Project("{9A19103F-16F7-4668-BE54-9A1E7A4F7556}") = "7_Tree_ToFix", "DataStructurePractice\7_Tree_ToFix\7_Tree_ToFix.csproj", "{2A810EE8-2FB5-486F-BCEF-1C2FF42E4F5D}"
EndProject
Project("{2150E333-8FDC-42A3-9474-1A3956D46DE8}") = "References", "References", "{E6AE45E8-6A9C-4264-B1CE-B65BF57CCD21}"
EndProject
Project("{9A19103F-16F7-4668-BE54-9A1E7A4F7556}") = "DataBaseOOP", "..\_External_MyTools\DataBaseOOP\DataBaseOOP.csproj", "{712BECE0-6453-4B23-BA44-080BAB111D23}"
EndProject
Project("{9A19103F-16F7-4668-BE54-9A1E7A4F7556}") = "9_TimeStamp_ExternalClassExternalDll", "DataStructurePractice\9_TimeStamp_ExternalClassExternalDll\9_TimeStamp_ExternalClassExternalDll.csproj", "{22F2C6D9-1311-4059-91A8-F303664F37DF}"
EndProject
Project("{9A19103F-16F7-4668-BE54-9A1E7A4F7556}") = "9_MyToolsLibarary", "DataStructurePractice\9_MyToolsLibarary\9_MyToolsLibarary.csproj", "{A04A4CD6-D4F8-4DCF-BA3A-0A9DCFE13F27}"
EndProject
Project("{9A19103F-16F7-4668-BE54-9A1E7A4F7556}") = "9_RecorsiaFunction", "DataStructurePractice\9_RecorsiaFunction\9_RecorsiaFunction.csproj", "{5795C803-E0CC-45DE-B906-2A6009C4A89D}"
EndProject
Project("{9A19103F-16F7-4668-BE54-9A1E7A4F7556}") = "8_TreeOrdering_XMLRSSfileRead", "DataStructurePractice\8_TreeOrdering_XMLRSSfileRead\8_TreeOrdering_XMLRSSfileRead.csproj", "{6BD9E469-F4CE-45C5-91DC-E55CD6C8F80C}"
EndProject
Project("{2150E333-8FDC-42A3-9474-1A3956D46DE8}") = "CSharpPractice", "CSharpPractice", "{ADB4680B-5E7A-47BD-B5D0-1E0D2EBEAD4F}"
EndProject
Project("{9A19103F-16F7-4668-BE54-9A1E7A4F7556}") = "AttributeAttemptToUnderstand", "CSharpPractice\AttributeAttemptToUnderstand\AttributeAttemptToUnderstand.csproj", "{A3B401BF-3892-458B-8016-D4EAA6F5F503}"
EndProject
Project("{2150E333-8FDC-42A3-9474-1A3956D46DE8}") = "Illia", "Illia", "{5EF92239-BC37-4FE0-A2D3-1DC5ECEA33F6}"
EndProject
Project("{9A19103F-16F7-4668-BE54-9A1E7A4F7556}") = "Illia_PracticeConsole-calculator", "CSharpPractice\Illia\Illia_PracticeConsole-calculator\Illia_PracticeConsole-calculator.csproj", "{91DEA469-2D04-4A48-814A-0C2723C0B03A}"
EndProject
Project("{9A19103F-16F7-4668-BE54-9A1E7A4F7556}") = "Illia_PracticeConsole-calculator_GetNextNumberTest", "CSharpPractice\Illia\Illia_PracticeConsole-calculator_GetNextNumberTest\Illia_PracticeConsole-calculator_GetNextNumberTest.csproj", "{EB740053-85C6-4BAE-BB43-ACFC3474B569}"
EndProject
Project("{9A19103F-16F7-4668-BE54-9A1E7A4F7556}") = "Illia_PracticeConsole-calculator_VehicleTest", "CSharpPractice\Illia\Illia_PracticeConsole-calculator_VehicleTest\Illia_PracticeConsole-calculator_VehicleTest.csproj", "{9C0E5AFB-4064-4EE8-BAFC-0B5538FF7DD4}"
EndProject
Project("{9A19103F-16F7-4668-BE54-9A1E7A4F7556}") = "TestPreppering", "CSharpPractice\Illia\TestPreppering\TestPreppering.csproj", "{AF9BB9BE-E72D-4B21-B54F-3846E4ED6778}"
EndProject
Project("{9A19103F-16F7-4668-BE54-9A1E7A4F7556}") = "TestProjectTest", "CSharpPractice\Illia\TestProjectTest\TestProjectTest.csproj", "{BEC1E036-5D67-49AC-AF7D-92930FF7BFF4}"
EndProject
Project("{2150E333-8FDC-42A3-9474-1A3956D46DE8}") = "Gidi", "Gidi", "{B929524D-E1EF-4D1A-8728-E96ADD491452}"
EndProject
Project("{2150E333-8FDC-42A3-9474-1A3956D46DE8}") = "Base", "Base", "{3BF8A6CF-9BBA-4CEE-99A9-D43ED3B55318}"
EndProject
Project("{9A19103F-16F7-4668-BE54-9A1E7A4F7556}") = "Base.WinForms", "CSharpPractice\Gidi\Base\Base.WinForms\Base.WinForms.csproj", "{7A18F3C0-B84F-467A-82EB-608EE5F75FDD}"
EndProject
Project("{9A19103F-16F7-4668-BE54-9A1E7A4F7556}") = "BaseLib", "CSharpPractice\Gidi\Base\BaseLib\BaseLib.csproj", "{62EEA682-E55A-40A1-B6B8-ABD77D4AEF91}"
EndProject
Project("{9A19103F-16F7-4668-BE54-9A1E7A4F7556}") = "ShapeLib", "CSharpPractice\Gidi\Base\ShapeLib\ShapeLib.csproj", "{AA5F1974-6710-4853-8B0A-99B72151C326}"
EndProject
Project("{2150E333-8FDC-42A3-9474-1A3956D46DE8}") = "Lecture1", "Lecture1", "{B13B109F-F0FA-414E-869C-589AEC405968}"
EndProject
Project("{2150E333-8FDC-42A3-9474-1A3956D46DE8}") = "Lecture2", "Lecture2", "{FCDEC025-3E5B-4E74-9B70-97B80542A81D}"
EndProject
Project("{2150E333-8FDC-42A3-9474-1A3956D46DE8}") = "Lecture3", "Lecture3", "{D674557B-B507-4201-AF10-060827EC311D}"
EndProject
Project("{2150E333-8FDC-42A3-9474-1A3956D46DE8}") = "Lecture4", "Lecture4", "{03CE5BEA-91B2-4A48-A2EB-53F0B6BBE6D1}"
	ProjectSection(SolutionItems) = preProject
		CSharpPractice\Gidi\Lecture03\DrawWinApp\Program.cs = CSharpPractice\Gidi\Lecture03\DrawWinApp\Program.cs
	EndProjectSection
EndProject
Project("{9A19103F-16F7-4668-BE54-9A1E7A4F7556}") = "ConsoleApp1", "CSharpPractice\Gidi\Lecture01\ConsoleApp1\ConsoleApp1.csproj", "{C2D29239-5DAC-4831-AF71-93CFC3DE63F8}"
EndProject
Project("{FAE04EC0-301F-11D3-BF4B-00C04F79EFBC}") = "WindowsFormsApp1", "CSharpPractice\Gidi\Lecture01\WindowsFormsApp1\WindowsFormsApp1.csproj", "{6795C19F-BD5F-4EA6-8812-86E92BB0744F}"
EndProject
Project("{9A19103F-16F7-4668-BE54-9A1E7A4F7556}") = "ConsoleApp2", "CSharpPractice\Gidi\Lecture02\ConsoleApp2\ConsoleApp2.csproj", "{6EA8BEAB-F164-43EF-A613-E098BD1B5B65}"
EndProject
Project("{9A19103F-16F7-4668-BE54-9A1E7A4F7556}") = "ShapeDemo", "CSharpPractice\Gidi\Lecture02\ShapeDemo\ShapeDemo.csproj", "{14701D49-0B3A-4186-A2BE-A6D8EDC7713A}"
EndProject
Project("{9A19103F-16F7-4668-BE54-9A1E7A4F7556}") = "DrawWinApp", "CSharpPractice\Gidi\Lecture03\DrawWinApp\DrawWinApp.csproj", "{8B039DAD-690D-4FDD-8D00-B52079CC151D}"
EndProject
Project("{9A19103F-16F7-4668-BE54-9A1E7A4F7556}") = "CollectionDemos", "CSharpPractice\Gidi\Lecture04\CollectionDemos\CollectionDemos.csproj", "{15125467-A370-416D-801A-71BC3A5F09D8}"
EndProject
Project("{9A19103F-16F7-4668-BE54-9A1E7A4F7556}") = "ewmsCsharpUnDevelopVersion", "ewmsCsharpUnDevelopVersion\ewmsCsharp\ewmsCsharpUnDevelopVersion.csproj", "{C0D8DE88-44C9-4E27-B4DD-60F8F206BEE7}"
EndProject
Project("{9A19103F-16F7-4668-BE54-9A1E7A4F7556}") = "ewmsCsharpUnDevelopVersionTest", "ewmsCsharpUnDevelopVersion\ewmsCsharpTest\ewmsCsharpUnDevelopVersionTest.csproj", "{489CCD73-1CEA-4C3F-A099-3455C9BCC9D5}"
EndProject
Project("{9A19103F-16F7-4668-BE54-9A1E7A4F7556}") = "CosmosDBExample", "CosmosDBExample\CosmosDBExample.csproj", "{4A47269C-6DF6-4CE8-83EA-A58209D18703}"
EndProject
Project("{2150E333-8FDC-42A3-9474-1A3956D46DE8}") = "PromoitDevelop", "PromoitDevelop", "{FB410A8D-A630-4B93-B22D-24450C31B068}"
EndProject
Project("{9A19103F-16F7-4668-BE54-9A1E7A4F7556}") = "ConsoleHttpApp", "PromoitDevelop\ConsoleHttpApp\ConsoleHttpApp.csproj", "{E5A5640F-72D8-42F2-986D-47E919D875D2}"
EndProject
Project("{2150E333-8FDC-42A3-9474-1A3956D46DE8}") = "FunctionHttp", "FunctionHttp", "{0FAB3618-B94F-4263-BC52-4405E3950B6F}"
	ProjectSection(SolutionItems) = preProject
		PromoitDevelop\FunctionHttp\FunctionApp\MonitorFunction.cs = PromoitDevelop\FunctionHttp\FunctionApp\MonitorFunction.cs
	EndProjectSection
EndProject
Project("{9A19103F-16F7-4668-BE54-9A1E7A4F7556}") = "ConsoleApp", "PromoitDevelop\FunctionHttp\ConsoleApp\ConsoleApp.csproj", "{EF4D60C7-004B-49F4-B387-974AE4DFFB75}"
EndProject
Project("{2150E333-8FDC-42A3-9474-1A3956D46DE8}") = "FunctionHttpApp", "FunctionHttpApp", "{8617B481-2BC5-4364-8B18-1FBAFB4E844B}"
	ProjectSection(SolutionItems) = preProject
		PromoitDevelop\FunctionHttpApp\ConsoleHttpApp\ConsoleHttpApp.csproj = PromoitDevelop\FunctionHttpApp\ConsoleHttpApp\ConsoleHttpApp.csproj
	EndProjectSection
EndProject
Project("{9A19103F-16F7-4668-BE54-9A1E7A4F7556}") = "ConsoleHttpApp6", "PromoitDevelop\FunctionHttpApp\ConsoleHttpApp6\ConsoleHttpApp6.csproj", "{811D1663-E251-4547-8620-82D8FC07FDAF}"
EndProject
Project("{9A19103F-16F7-4668-BE54-9A1E7A4F7556}") = "FunctionHttpApp", "PromoitDevelop\FunctionHttpApp\FunctionHttpApp\FunctionHttpApp\FunctionHttpApp.csproj", "{A9E65D69-9C78-4AD6-9280-0A46D188499E}"
EndProject
Project("{9A19103F-16F7-4668-BE54-9A1E7A4F7556}") = "FunctionHttpApp6", "PromoitDevelop\FunctionHttpApp\FunctionHttpApp6\FunctionHttpApp6.csproj", "{A40B06E0-69DE-4F50-8B09-FE4F9DB0E4AE}"
EndProject
Project("{9A19103F-16F7-4668-BE54-9A1E7A4F7556}") = "APIJsonRead", "PromoitDevelop\APIJsonRead\APIJsonRead.csproj", "{4AB1DED3-FDC9-4B5D-93B8-AAC52F8CDE7D}"
EndProject
Project("{2150E333-8FDC-42A3-9474-1A3956D46DE8}") = "_Files", "_Files", "{28A6ABA8-BBFB-4B62-B932-1135839F4C76}"
	ProjectSection(SolutionItems) = preProject
		DataStructurePractice\_Files\persons.txt = DataStructurePractice\_Files\persons.txt
		DataStructurePractice\_Files\Roads.txt = DataStructurePractice\_Files\Roads.txt
		DataStructurePractice\_Files\RoadsConnection.txt = DataStructurePractice\_Files\RoadsConnection.txt
	EndProjectSection
EndProject
Project("{9A19103F-16F7-4668-BE54-9A1E7A4F7556}") = "2_Linked_List1", "DataStructurePractice\2_Linked_List1\2_Linked_List1.csproj", "{AFE56D89-FFF6-4E25-B4C6-580234115F59}"
EndProject
Project("{9A19103F-16F7-4668-BE54-9A1E7A4F7556}") = "2_LinkedListMainFunctions", "DataStructurePractice\2_LinkedListMainFunctions\2_LinkedListMainFunctions.csproj", "{EA2EC0FB-F8FC-4D24-9698-F7EB0AB2B3C6}"
EndProject
Project("{9A19103F-16F7-4668-BE54-9A1E7A4F7556}") = "4_QueueAndStack", "DataStructurePractice\4_QueueAndStack\4_QueueAndStack.csproj", "{2DE55787-99A9-4C94-8563-CA27FD075827}"
EndProject
Project("{9A19103F-16F7-4668-BE54-9A1E7A4F7556}") = "3_BubbleSorts", "DataStructurePractice\3_BubbleSorts\3_BubbleSorts.csproj", "{1C6111E8-6B79-47EB-A721-2337F5414A40}"
EndProject
Project("{9A19103F-16F7-4668-BE54-9A1E7A4F7556}") = "Bonus_ReadFromFile_EasyVersion", "DataStructurePractice\Bonus_ReadFromFile_EasyVersion\Bonus_ReadFromFile_EasyVersion.csproj", "{3C6FBFDC-04DA-42E8-9726-63B4D1A24D96}"
EndProject
Project("{9A19103F-16F7-4668-BE54-9A1E7A4F7556}") = "Bonus_ReadFromFile_EasyVersion_OOP", "DataStructurePractice\Bonus_ReadFromFile_EasyVersion_OOP\Bonus_ReadFromFile_EasyVersion_OOP.csproj", "{CB211B43-2376-4AEB-B96A-99A319FC89AC}"
EndProject
Project("{9A19103F-16F7-4668-BE54-9A1E7A4F7556}") = "Exam_LoadDataFromFile", "DataStructurePractice\Exam_LoadDataFromFile\Exam_LoadDataFromFile.csproj", "{A68F15D2-E8AB-44DB-BFC7-68DE10898606}"
EndProject
Project("{2150E333-8FDC-42A3-9474-1A3956D46DE8}") = "Practice_ArrayAndRandom", "Practice_ArrayAndRandom", "{202E3E75-C9D6-457F-B121-02244C463228}"
EndProject
Project("{9A19103F-16F7-4668-BE54-9A1E7A4F7556}") = "5_HashtableAndIO_Basics", "DataStructurePractice\5_HashtableAndIO_Basics\5_HashtableAndIO_Basics.csproj", "{48338EE6-FFAB-4926-BC25-4AE356A293DF}"
EndProject
Project("{9A19103F-16F7-4668-BE54-9A1E7A4F7556}") = "5_RoadConnectionFromFiles_1File", "DataStructurePractice\5_RoadConnectionFromFiles_1File\5_RoadConnectionFromFiles_1File.csproj", "{2443E149-3C3A-4A7C-A621-4E105ECDA3A3}"
EndProject
Project("{9A19103F-16F7-4668-BE54-9A1E7A4F7556}") = "5_RoadConnectionFromFiles_MyVersion2Files", "DataStructurePractice\5_RoadConnectionFromFiles_MyVersion2Files\5_RoadConnectionFromFiles_MyVersion2Files.csproj", "{C7A8924D-1EB6-46F0-A09E-1E876262AB84}"
EndProject
Project("{9A19103F-16F7-4668-BE54-9A1E7A4F7556}") = "ArraySizingWithRandomNumbers_ProgramRun", "DataStructurePractice\Practice_ArrayAndRandom\ArraySizingWithRandomNumbers_ProgramRun\ArraySizingWithRandomNumbers_ProgramRun.csproj", "{934C4BFF-2E7F-4E3D-93A1-090226D0A27C}"
EndProject
Project("{9A19103F-16F7-4668-BE54-9A1E7A4F7556}") = "BullPgia_ProgramRun", "DataStructurePractice\Practice_ArrayAndRandom\BullPgia_ProgramRun\BullPgia_ProgramRun.csproj", "{2A13D4DB-7D34-42B5-AF97-954772D029F0}"
EndProject
Project("{9A19103F-16F7-4668-BE54-9A1E7A4F7556}") = "HagralaFromArrayChossenNumber_ProgramRun", "DataStructurePractice\Practice_ArrayAndRandom\HagralaFromArrayChossenNumber_ProgramRun\HagralaFromArrayChossenNumber_ProgramRun.csproj", "{373618A0-0D8B-4F39-8382-6415C2782F99}"
EndProject
Project("{9A19103F-16F7-4668-BE54-9A1E7A4F7556}") = "MatritzatHamazalNuDoubleElementsInsideArray_ProgramRun", "DataStructurePractice\Practice_ArrayAndRandom\MatritzatHamazalNuDoubleElementsInsideArray_ProgramRun\MatritzatHamazalNuDoubleElementsInsideArray_ProgramRun.csproj", "{2410C4FE-CAAD-4674-9FCF-FCF136B0EE6B}"
EndProject
Project("{9A19103F-16F7-4668-BE54-9A1E7A4F7556}") = "3_InserSort", "DataStructurePractice\3_InserSort\3_InserSort.csproj", "{5D96506F-E111-4A0C-A23C-AE7ADC016929}"
EndProject
Project("{2150E333-8FDC-42A3-9474-1A3956D46DE8}") = "Elias", "Elias", "{FE46E653-628A-4E3B-838B-DFDAE8FA6B36}"
EndProject
Project("{9A19103F-16F7-4668-BE54-9A1E7A4F7556}") = "Elias_Singleton", "CSharpPractice\Elias\Elias_Singleton\Elias_Singleton.csproj", "{EA732EBA-1A37-46A3-AE9A-6C0011D0D7BE}"
EndProject
Project("{9A19103F-16F7-4668-BE54-9A1E7A4F7556}") = "Elias_DependencyInjection", "CSharpPractice\Elias\Elias_DependencyInjection\Elias_DependencyInjection.csproj", "{5A41A42A-74E3-4A71-ACED-EFFE1AF8DD2B}"
EndProject
Project("{FAE04EC0-301F-11D3-BF4B-00C04F79EFBC}") = "Deligates", "Reference\Deligates\Deligates.csproj", "{7556AF4E-3583-4CCA-8253-D5FAF72391FA}"
EndProject
Global
	GlobalSection(SolutionConfigurationPlatforms) = preSolution
		Debug|Any CPU = Debug|Any CPU
		Release|Any CPU = Release|Any CPU
	EndGlobalSection
	GlobalSection(ProjectConfigurationPlatforms) = postSolution
		{BFB302CC-1CF1-4C8C-BF2C-2D2EC35FD267}.Debug|Any CPU.ActiveCfg = Debug|Any CPU
		{BFB302CC-1CF1-4C8C-BF2C-2D2EC35FD267}.Debug|Any CPU.Build.0 = Debug|Any CPU
		{BFB302CC-1CF1-4C8C-BF2C-2D2EC35FD267}.Release|Any CPU.ActiveCfg = Release|Any CPU
		{BFB302CC-1CF1-4C8C-BF2C-2D2EC35FD267}.Release|Any CPU.Build.0 = Release|Any CPU
		{83B1F316-19F8-4EF2-8D89-BB2586A3FB4F}.Debug|Any CPU.ActiveCfg = Debug|Any CPU
		{83B1F316-19F8-4EF2-8D89-BB2586A3FB4F}.Debug|Any CPU.Build.0 = Debug|Any CPU
		{83B1F316-19F8-4EF2-8D89-BB2586A3FB4F}.Release|Any CPU.ActiveCfg = Release|Any CPU
		{83B1F316-19F8-4EF2-8D89-BB2586A3FB4F}.Release|Any CPU.Build.0 = Release|Any CPU
		{B1200F0A-AA5A-4B4A-9347-1601C2098201}.Debug|Any CPU.ActiveCfg = Debug|Any CPU
		{B1200F0A-AA5A-4B4A-9347-1601C2098201}.Debug|Any CPU.Build.0 = Debug|Any CPU
		{B1200F0A-AA5A-4B4A-9347-1601C2098201}.Release|Any CPU.ActiveCfg = Release|Any CPU
		{B1200F0A-AA5A-4B4A-9347-1601C2098201}.Release|Any CPU.Build.0 = Release|Any CPU
		{0BE2848B-80BC-4CA8-9220-9EF7B6F3308F}.Debug|Any CPU.ActiveCfg = Debug|Any CPU
		{0BE2848B-80BC-4CA8-9220-9EF7B6F3308F}.Debug|Any CPU.Build.0 = Debug|Any CPU
		{0BE2848B-80BC-4CA8-9220-9EF7B6F3308F}.Release|Any CPU.ActiveCfg = Release|Any CPU
		{0BE2848B-80BC-4CA8-9220-9EF7B6F3308F}.Release|Any CPU.Build.0 = Release|Any CPU
		{6FCDDC1F-0B3B-46C4-BC79-6FC6CEFC3BCA}.Debug|Any CPU.ActiveCfg = Debug|Any CPU
		{6FCDDC1F-0B3B-46C4-BC79-6FC6CEFC3BCA}.Debug|Any CPU.Build.0 = Debug|Any CPU
		{6FCDDC1F-0B3B-46C4-BC79-6FC6CEFC3BCA}.Release|Any CPU.ActiveCfg = Release|Any CPU
		{6FCDDC1F-0B3B-46C4-BC79-6FC6CEFC3BCA}.Release|Any CPU.Build.0 = Release|Any CPU
		{246F0E12-5735-4FED-8C0E-B8202CEA28A8}.Debug|Any CPU.ActiveCfg = Debug|Any CPU
		{246F0E12-5735-4FED-8C0E-B8202CEA28A8}.Debug|Any CPU.Build.0 = Debug|Any CPU
		{246F0E12-5735-4FED-8C0E-B8202CEA28A8}.Release|Any CPU.ActiveCfg = Release|Any CPU
		{246F0E12-5735-4FED-8C0E-B8202CEA28A8}.Release|Any CPU.Build.0 = Release|Any CPU
		{A97C3E75-934E-4658-A95C-3F28B391E0B7}.Debug|Any CPU.ActiveCfg = Debug|Any CPU
		{A97C3E75-934E-4658-A95C-3F28B391E0B7}.Debug|Any CPU.Build.0 = Debug|Any CPU
		{A97C3E75-934E-4658-A95C-3F28B391E0B7}.Release|Any CPU.ActiveCfg = Release|Any CPU
		{A97C3E75-934E-4658-A95C-3F28B391E0B7}.Release|Any CPU.Build.0 = Release|Any CPU
		{2A810EE8-2FB5-486F-BCEF-1C2FF42E4F5D}.Debug|Any CPU.ActiveCfg = Debug|Any CPU
		{2A810EE8-2FB5-486F-BCEF-1C2FF42E4F5D}.Debug|Any CPU.Build.0 = Debug|Any CPU
		{2A810EE8-2FB5-486F-BCEF-1C2FF42E4F5D}.Release|Any CPU.ActiveCfg = Release|Any CPU
		{2A810EE8-2FB5-486F-BCEF-1C2FF42E4F5D}.Release|Any CPU.Build.0 = Release|Any CPU
		{712BECE0-6453-4B23-BA44-080BAB111D23}.Debug|Any CPU.ActiveCfg = Debug|Any CPU
		{712BECE0-6453-4B23-BA44-080BAB111D23}.Debug|Any CPU.Build.0 = Debug|Any CPU
		{712BECE0-6453-4B23-BA44-080BAB111D23}.Release|Any CPU.ActiveCfg = Release|Any CPU
		{712BECE0-6453-4B23-BA44-080BAB111D23}.Release|Any CPU.Build.0 = Release|Any CPU
		{22F2C6D9-1311-4059-91A8-F303664F37DF}.Debug|Any CPU.ActiveCfg = Debug|Any CPU
		{22F2C6D9-1311-4059-91A8-F303664F37DF}.Debug|Any CPU.Build.0 = Debug|Any CPU
		{22F2C6D9-1311-4059-91A8-F303664F37DF}.Release|Any CPU.ActiveCfg = Release|Any CPU
		{22F2C6D9-1311-4059-91A8-F303664F37DF}.Release|Any CPU.Build.0 = Release|Any CPU
		{A04A4CD6-D4F8-4DCF-BA3A-0A9DCFE13F27}.Debug|Any CPU.ActiveCfg = Debug|Any CPU
		{A04A4CD6-D4F8-4DCF-BA3A-0A9DCFE13F27}.Debug|Any CPU.Build.0 = Debug|Any CPU
		{A04A4CD6-D4F8-4DCF-BA3A-0A9DCFE13F27}.Release|Any CPU.ActiveCfg = Release|Any CPU
		{A04A4CD6-D4F8-4DCF-BA3A-0A9DCFE13F27}.Release|Any CPU.Build.0 = Release|Any CPU
		{5795C803-E0CC-45DE-B906-2A6009C4A89D}.Debug|Any CPU.ActiveCfg = Debug|Any CPU
		{5795C803-E0CC-45DE-B906-2A6009C4A89D}.Debug|Any CPU.Build.0 = Debug|Any CPU
		{5795C803-E0CC-45DE-B906-2A6009C4A89D}.Release|Any CPU.ActiveCfg = Release|Any CPU
		{5795C803-E0CC-45DE-B906-2A6009C4A89D}.Release|Any CPU.Build.0 = Release|Any CPU
		{6BD9E469-F4CE-45C5-91DC-E55CD6C8F80C}.Debug|Any CPU.ActiveCfg = Debug|Any CPU
		{6BD9E469-F4CE-45C5-91DC-E55CD6C8F80C}.Debug|Any CPU.Build.0 = Debug|Any CPU
		{6BD9E469-F4CE-45C5-91DC-E55CD6C8F80C}.Release|Any CPU.ActiveCfg = Release|Any CPU
		{6BD9E469-F4CE-45C5-91DC-E55CD6C8F80C}.Release|Any CPU.Build.0 = Release|Any CPU
		{A3B401BF-3892-458B-8016-D4EAA6F5F503}.Debug|Any CPU.ActiveCfg = Debug|Any CPU
		{A3B401BF-3892-458B-8016-D4EAA6F5F503}.Debug|Any CPU.Build.0 = Debug|Any CPU
		{A3B401BF-3892-458B-8016-D4EAA6F5F503}.Release|Any CPU.ActiveCfg = Release|Any CPU
		{A3B401BF-3892-458B-8016-D4EAA6F5F503}.Release|Any CPU.Build.0 = Release|Any CPU
		{91DEA469-2D04-4A48-814A-0C2723C0B03A}.Debug|Any CPU.ActiveCfg = Debug|Any CPU
		{91DEA469-2D04-4A48-814A-0C2723C0B03A}.Debug|Any CPU.Build.0 = Debug|Any CPU
		{91DEA469-2D04-4A48-814A-0C2723C0B03A}.Release|Any CPU.ActiveCfg = Release|Any CPU
		{91DEA469-2D04-4A48-814A-0C2723C0B03A}.Release|Any CPU.Build.0 = Release|Any CPU
		{EB740053-85C6-4BAE-BB43-ACFC3474B569}.Debug|Any CPU.ActiveCfg = Debug|Any CPU
		{EB740053-85C6-4BAE-BB43-ACFC3474B569}.Debug|Any CPU.Build.0 = Debug|Any CPU
		{EB740053-85C6-4BAE-BB43-ACFC3474B569}.Release|Any CPU.ActiveCfg = Release|Any CPU
		{EB740053-85C6-4BAE-BB43-ACFC3474B569}.Release|Any CPU.Build.0 = Release|Any CPU
		{9C0E5AFB-4064-4EE8-BAFC-0B5538FF7DD4}.Debug|Any CPU.ActiveCfg = Debug|Any CPU
		{9C0E5AFB-4064-4EE8-BAFC-0B5538FF7DD4}.Debug|Any CPU.Build.0 = Debug|Any CPU
		{9C0E5AFB-4064-4EE8-BAFC-0B5538FF7DD4}.Release|Any CPU.ActiveCfg = Release|Any CPU
		{9C0E5AFB-4064-4EE8-BAFC-0B5538FF7DD4}.Release|Any CPU.Build.0 = Release|Any CPU
		{AF9BB9BE-E72D-4B21-B54F-3846E4ED6778}.Debug|Any CPU.ActiveCfg = Debug|Any CPU
		{AF9BB9BE-E72D-4B21-B54F-3846E4ED6778}.Debug|Any CPU.Build.0 = Debug|Any CPU
		{AF9BB9BE-E72D-4B21-B54F-3846E4ED6778}.Release|Any CPU.ActiveCfg = Release|Any CPU
		{AF9BB9BE-E72D-4B21-B54F-3846E4ED6778}.Release|Any CPU.Build.0 = Release|Any CPU
		{BEC1E036-5D67-49AC-AF7D-92930FF7BFF4}.Debug|Any CPU.ActiveCfg = Debug|Any CPU
		{BEC1E036-5D67-49AC-AF7D-92930FF7BFF4}.Debug|Any CPU.Build.0 = Debug|Any CPU
		{BEC1E036-5D67-49AC-AF7D-92930FF7BFF4}.Release|Any CPU.ActiveCfg = Release|Any CPU
		{BEC1E036-5D67-49AC-AF7D-92930FF7BFF4}.Release|Any CPU.Build.0 = Release|Any CPU
		{7A18F3C0-B84F-467A-82EB-608EE5F75FDD}.Debug|Any CPU.ActiveCfg = Debug|Any CPU
		{7A18F3C0-B84F-467A-82EB-608EE5F75FDD}.Debug|Any CPU.Build.0 = Debug|Any CPU
		{7A18F3C0-B84F-467A-82EB-608EE5F75FDD}.Release|Any CPU.ActiveCfg = Release|Any CPU
		{7A18F3C0-B84F-467A-82EB-608EE5F75FDD}.Release|Any CPU.Build.0 = Release|Any CPU
		{62EEA682-E55A-40A1-B6B8-ABD77D4AEF91}.Debug|Any CPU.ActiveCfg = Debug|Any CPU
		{62EEA682-E55A-40A1-B6B8-ABD77D4AEF91}.Debug|Any CPU.Build.0 = Debug|Any CPU
		{62EEA682-E55A-40A1-B6B8-ABD77D4AEF91}.Release|Any CPU.ActiveCfg = Release|Any CPU
		{62EEA682-E55A-40A1-B6B8-ABD77D4AEF91}.Release|Any CPU.Build.0 = Release|Any CPU
		{AA5F1974-6710-4853-8B0A-99B72151C326}.Debug|Any CPU.ActiveCfg = Debug|Any CPU
		{AA5F1974-6710-4853-8B0A-99B72151C326}.Debug|Any CPU.Build.0 = Debug|Any CPU
		{AA5F1974-6710-4853-8B0A-99B72151C326}.Release|Any CPU.ActiveCfg = Release|Any CPU
		{AA5F1974-6710-4853-8B0A-99B72151C326}.Release|Any CPU.Build.0 = Release|Any CPU
		{C2D29239-5DAC-4831-AF71-93CFC3DE63F8}.Debug|Any CPU.ActiveCfg = Debug|Any CPU
		{C2D29239-5DAC-4831-AF71-93CFC3DE63F8}.Debug|Any CPU.Build.0 = Debug|Any CPU
		{C2D29239-5DAC-4831-AF71-93CFC3DE63F8}.Release|Any CPU.ActiveCfg = Release|Any CPU
		{C2D29239-5DAC-4831-AF71-93CFC3DE63F8}.Release|Any CPU.Build.0 = Release|Any CPU
		{6795C19F-BD5F-4EA6-8812-86E92BB0744F}.Debug|Any CPU.ActiveCfg = Debug|Any CPU
		{6795C19F-BD5F-4EA6-8812-86E92BB0744F}.Debug|Any CPU.Build.0 = Debug|Any CPU
		{6795C19F-BD5F-4EA6-8812-86E92BB0744F}.Release|Any CPU.ActiveCfg = Release|Any CPU
		{6795C19F-BD5F-4EA6-8812-86E92BB0744F}.Release|Any CPU.Build.0 = Release|Any CPU
		{6EA8BEAB-F164-43EF-A613-E098BD1B5B65}.Debug|Any CPU.ActiveCfg = Debug|Any CPU
		{6EA8BEAB-F164-43EF-A613-E098BD1B5B65}.Debug|Any CPU.Build.0 = Debug|Any CPU
		{6EA8BEAB-F164-43EF-A613-E098BD1B5B65}.Release|Any CPU.ActiveCfg = Release|Any CPU
		{6EA8BEAB-F164-43EF-A613-E098BD1B5B65}.Release|Any CPU.Build.0 = Release|Any CPU
		{14701D49-0B3A-4186-A2BE-A6D8EDC7713A}.Debug|Any CPU.ActiveCfg = Debug|Any CPU
		{14701D49-0B3A-4186-A2BE-A6D8EDC7713A}.Debug|Any CPU.Build.0 = Debug|Any CPU
		{14701D49-0B3A-4186-A2BE-A6D8EDC7713A}.Release|Any CPU.ActiveCfg = Release|Any CPU
		{14701D49-0B3A-4186-A2BE-A6D8EDC7713A}.Release|Any CPU.Build.0 = Release|Any CPU
		{8B039DAD-690D-4FDD-8D00-B52079CC151D}.Debug|Any CPU.ActiveCfg = Debug|Any CPU
		{8B039DAD-690D-4FDD-8D00-B52079CC151D}.Debug|Any CPU.Build.0 = Debug|Any CPU
		{8B039DAD-690D-4FDD-8D00-B52079CC151D}.Release|Any CPU.ActiveCfg = Release|Any CPU
		{8B039DAD-690D-4FDD-8D00-B52079CC151D}.Release|Any CPU.Build.0 = Release|Any CPU
		{15125467-A370-416D-801A-71BC3A5F09D8}.Debug|Any CPU.ActiveCfg = Debug|Any CPU
		{15125467-A370-416D-801A-71BC3A5F09D8}.Debug|Any CPU.Build.0 = Debug|Any CPU
		{15125467-A370-416D-801A-71BC3A5F09D8}.Release|Any CPU.ActiveCfg = Release|Any CPU
		{15125467-A370-416D-801A-71BC3A5F09D8}.Release|Any CPU.Build.0 = Release|Any CPU
		{C0D8DE88-44C9-4E27-B4DD-60F8F206BEE7}.Debug|Any CPU.ActiveCfg = Debug|Any CPU
		{C0D8DE88-44C9-4E27-B4DD-60F8F206BEE7}.Debug|Any CPU.Build.0 = Debug|Any CPU
		{C0D8DE88-44C9-4E27-B4DD-60F8F206BEE7}.Release|Any CPU.ActiveCfg = Release|Any CPU
		{C0D8DE88-44C9-4E27-B4DD-60F8F206BEE7}.Release|Any CPU.Build.0 = Release|Any CPU
		{489CCD73-1CEA-4C3F-A099-3455C9BCC9D5}.Debug|Any CPU.ActiveCfg = Debug|Any CPU
		{489CCD73-1CEA-4C3F-A099-3455C9BCC9D5}.Debug|Any CPU.Build.0 = Debug|Any CPU
		{489CCD73-1CEA-4C3F-A099-3455C9BCC9D5}.Release|Any CPU.ActiveCfg = Release|Any CPU
		{489CCD73-1CEA-4C3F-A099-3455C9BCC9D5}.Release|Any CPU.Build.0 = Release|Any CPU
		{4A47269C-6DF6-4CE8-83EA-A58209D18703}.Debug|Any CPU.ActiveCfg = Debug|Any CPU
		{4A47269C-6DF6-4CE8-83EA-A58209D18703}.Debug|Any CPU.Build.0 = Debug|Any CPU
		{4A47269C-6DF6-4CE8-83EA-A58209D18703}.Release|Any CPU.ActiveCfg = Release|Any CPU
		{4A47269C-6DF6-4CE8-83EA-A58209D18703}.Release|Any CPU.Build.0 = Release|Any CPU
		{E5A5640F-72D8-42F2-986D-47E919D875D2}.Debug|Any CPU.ActiveCfg = Debug|Any CPU
		{E5A5640F-72D8-42F2-986D-47E919D875D2}.Debug|Any CPU.Build.0 = Debug|Any CPU
		{E5A5640F-72D8-42F2-986D-47E919D875D2}.Release|Any CPU.ActiveCfg = Release|Any CPU
		{E5A5640F-72D8-42F2-986D-47E919D875D2}.Release|Any CPU.Build.0 = Release|Any CPU
		{EF4D60C7-004B-49F4-B387-974AE4DFFB75}.Debug|Any CPU.ActiveCfg = Debug|Any CPU
		{EF4D60C7-004B-49F4-B387-974AE4DFFB75}.Debug|Any CPU.Build.0 = Debug|Any CPU
		{EF4D60C7-004B-49F4-B387-974AE4DFFB75}.Release|Any CPU.ActiveCfg = Release|Any CPU
		{EF4D60C7-004B-49F4-B387-974AE4DFFB75}.Release|Any CPU.Build.0 = Release|Any CPU
		{811D1663-E251-4547-8620-82D8FC07FDAF}.Debug|Any CPU.ActiveCfg = Debug|Any CPU
		{811D1663-E251-4547-8620-82D8FC07FDAF}.Debug|Any CPU.Build.0 = Debug|Any CPU
		{811D1663-E251-4547-8620-82D8FC07FDAF}.Release|Any CPU.ActiveCfg = Release|Any CPU
		{811D1663-E251-4547-8620-82D8FC07FDAF}.Release|Any CPU.Build.0 = Release|Any CPU
		{A9E65D69-9C78-4AD6-9280-0A46D188499E}.Debug|Any CPU.ActiveCfg = Debug|Any CPU
		{A9E65D69-9C78-4AD6-9280-0A46D188499E}.Debug|Any CPU.Build.0 = Debug|Any CPU
		{A9E65D69-9C78-4AD6-9280-0A46D188499E}.Release|Any CPU.ActiveCfg = Release|Any CPU
		{A9E65D69-9C78-4AD6-9280-0A46D188499E}.Release|Any CPU.Build.0 = Release|Any CPU
		{A40B06E0-69DE-4F50-8B09-FE4F9DB0E4AE}.Debug|Any CPU.ActiveCfg = Debug|Any CPU
		{A40B06E0-69DE-4F50-8B09-FE4F9DB0E4AE}.Debug|Any CPU.Build.0 = Debug|Any CPU
		{A40B06E0-69DE-4F50-8B09-FE4F9DB0E4AE}.Release|Any CPU.ActiveCfg = Release|Any CPU
		{A40B06E0-69DE-4F50-8B09-FE4F9DB0E4AE}.Release|Any CPU.Build.0 = Release|Any CPU
		{4AB1DED3-FDC9-4B5D-93B8-AAC52F8CDE7D}.Debug|Any CPU.ActiveCfg = Debug|Any CPU
		{4AB1DED3-FDC9-4B5D-93B8-AAC52F8CDE7D}.Debug|Any CPU.Build.0 = Debug|Any CPU
		{4AB1DED3-FDC9-4B5D-93B8-AAC52F8CDE7D}.Release|Any CPU.ActiveCfg = Release|Any CPU
		{4AB1DED3-FDC9-4B5D-93B8-AAC52F8CDE7D}.Release|Any CPU.Build.0 = Release|Any CPU
		{AFE56D89-FFF6-4E25-B4C6-580234115F59}.Debug|Any CPU.ActiveCfg = Debug|Any CPU
		{AFE56D89-FFF6-4E25-B4C6-580234115F59}.Debug|Any CPU.Build.0 = Debug|Any CPU
		{AFE56D89-FFF6-4E25-B4C6-580234115F59}.Release|Any CPU.ActiveCfg = Release|Any CPU
		{AFE56D89-FFF6-4E25-B4C6-580234115F59}.Release|Any CPU.Build.0 = Release|Any CPU
		{EA2EC0FB-F8FC-4D24-9698-F7EB0AB2B3C6}.Debug|Any CPU.ActiveCfg = Debug|Any CPU
		{EA2EC0FB-F8FC-4D24-9698-F7EB0AB2B3C6}.Debug|Any CPU.Build.0 = Debug|Any CPU
		{EA2EC0FB-F8FC-4D24-9698-F7EB0AB2B3C6}.Release|Any CPU.ActiveCfg = Release|Any CPU
		{EA2EC0FB-F8FC-4D24-9698-F7EB0AB2B3C6}.Release|Any CPU.Build.0 = Release|Any CPU
		{2DE55787-99A9-4C94-8563-CA27FD075827}.Debug|Any CPU.ActiveCfg = Debug|Any CPU
		{2DE55787-99A9-4C94-8563-CA27FD075827}.Debug|Any CPU.Build.0 = Debug|Any CPU
		{2DE55787-99A9-4C94-8563-CA27FD075827}.Release|Any CPU.ActiveCfg = Release|Any CPU
		{2DE55787-99A9-4C94-8563-CA27FD075827}.Release|Any CPU.Build.0 = Release|Any CPU
		{1C6111E8-6B79-47EB-A721-2337F5414A40}.Debug|Any CPU.ActiveCfg = Debug|Any CPU
		{1C6111E8-6B79-47EB-A721-2337F5414A40}.Debug|Any CPU.Build.0 = Debug|Any CPU
		{1C6111E8-6B79-47EB-A721-2337F5414A40}.Release|Any CPU.ActiveCfg = Release|Any CPU
		{1C6111E8-6B79-47EB-A721-2337F5414A40}.Release|Any CPU.Build.0 = Release|Any CPU
		{3C6FBFDC-04DA-42E8-9726-63B4D1A24D96}.Debug|Any CPU.ActiveCfg = Debug|Any CPU
		{3C6FBFDC-04DA-42E8-9726-63B4D1A24D96}.Debug|Any CPU.Build.0 = Debug|Any CPU
		{3C6FBFDC-04DA-42E8-9726-63B4D1A24D96}.Release|Any CPU.ActiveCfg = Release|Any CPU
		{3C6FBFDC-04DA-42E8-9726-63B4D1A24D96}.Release|Any CPU.Build.0 = Release|Any CPU
		{CB211B43-2376-4AEB-B96A-99A319FC89AC}.Debug|Any CPU.ActiveCfg = Debug|Any CPU
		{CB211B43-2376-4AEB-B96A-99A319FC89AC}.Debug|Any CPU.Build.0 = Debug|Any CPU
		{CB211B43-2376-4AEB-B96A-99A319FC89AC}.Release|Any CPU.ActiveCfg = Release|Any CPU
		{CB211B43-2376-4AEB-B96A-99A319FC89AC}.Release|Any CPU.Build.0 = Release|Any CPU
		{A68F15D2-E8AB-44DB-BFC7-68DE10898606}.Debug|Any CPU.ActiveCfg = Debug|Any CPU
		{A68F15D2-E8AB-44DB-BFC7-68DE10898606}.Debug|Any CPU.Build.0 = Debug|Any CPU
		{A68F15D2-E8AB-44DB-BFC7-68DE10898606}.Release|Any CPU.ActiveCfg = Release|Any CPU
		{A68F15D2-E8AB-44DB-BFC7-68DE10898606}.Release|Any CPU.Build.0 = Release|Any CPU
		{48338EE6-FFAB-4926-BC25-4AE356A293DF}.Debug|Any CPU.ActiveCfg = Debug|Any CPU
		{48338EE6-FFAB-4926-BC25-4AE356A293DF}.Debug|Any CPU.Build.0 = Debug|Any CPU
		{48338EE6-FFAB-4926-BC25-4AE356A293DF}.Release|Any CPU.ActiveCfg = Release|Any CPU
		{48338EE6-FFAB-4926-BC25-4AE356A293DF}.Release|Any CPU.Build.0 = Release|Any CPU
		{2443E149-3C3A-4A7C-A621-4E105ECDA3A3}.Debug|Any CPU.ActiveCfg = Debug|Any CPU
		{2443E149-3C3A-4A7C-A621-4E105ECDA3A3}.Debug|Any CPU.Build.0 = Debug|Any CPU
		{2443E149-3C3A-4A7C-A621-4E105ECDA3A3}.Release|Any CPU.ActiveCfg = Release|Any CPU
		{2443E149-3C3A-4A7C-A621-4E105ECDA3A3}.Release|Any CPU.Build.0 = Release|Any CPU
		{C7A8924D-1EB6-46F0-A09E-1E876262AB84}.Debug|Any CPU.ActiveCfg = Debug|Any CPU
		{C7A8924D-1EB6-46F0-A09E-1E876262AB84}.Debug|Any CPU.Build.0 = Debug|Any CPU
		{C7A8924D-1EB6-46F0-A09E-1E876262AB84}.Release|Any CPU.ActiveCfg = Release|Any CPU
		{C7A8924D-1EB6-46F0-A09E-1E876262AB84}.Release|Any CPU.Build.0 = Release|Any CPU
		{934C4BFF-2E7F-4E3D-93A1-090226D0A27C}.Debug|Any CPU.ActiveCfg = Debug|Any CPU
		{934C4BFF-2E7F-4E3D-93A1-090226D0A27C}.Debug|Any CPU.Build.0 = Debug|Any CPU
		{934C4BFF-2E7F-4E3D-93A1-090226D0A27C}.Release|Any CPU.ActiveCfg = Release|Any CPU
		{934C4BFF-2E7F-4E3D-93A1-090226D0A27C}.Release|Any CPU.Build.0 = Release|Any CPU
		{2A13D4DB-7D34-42B5-AF97-954772D029F0}.Debug|Any CPU.ActiveCfg = Debug|Any CPU
		{2A13D4DB-7D34-42B5-AF97-954772D029F0}.Debug|Any CPU.Build.0 = Debug|Any CPU
		{2A13D4DB-7D34-42B5-AF97-954772D029F0}.Release|Any CPU.ActiveCfg = Release|Any CPU
		{2A13D4DB-7D34-42B5-AF97-954772D029F0}.Release|Any CPU.Build.0 = Release|Any CPU
		{373618A0-0D8B-4F39-8382-6415C2782F99}.Debug|Any CPU.ActiveCfg = Debug|Any CPU
		{373618A0-0D8B-4F39-8382-6415C2782F99}.Debug|Any CPU.Build.0 = Debug|Any CPU
		{373618A0-0D8B-4F39-8382-6415C2782F99}.Release|Any CPU.ActiveCfg = Release|Any CPU
		{373618A0-0D8B-4F39-8382-6415C2782F99}.Release|Any CPU.Build.0 = Release|Any CPU
		{2410C4FE-CAAD-4674-9FCF-FCF136B0EE6B}.Debug|Any CPU.ActiveCfg = Debug|Any CPU
		{2410C4FE-CAAD-4674-9FCF-FCF136B0EE6B}.Debug|Any CPU.Build.0 = Debug|Any CPU
		{2410C4FE-CAAD-4674-9FCF-FCF136B0EE6B}.Release|Any CPU.ActiveCfg = Release|Any CPU
		{2410C4FE-CAAD-4674-9FCF-FCF136B0EE6B}.Release|Any CPU.Build.0 = Release|Any CPU
		{5D96506F-E111-4A0C-A23C-AE7ADC016929}.Debug|Any CPU.ActiveCfg = Debug|Any CPU
		{5D96506F-E111-4A0C-A23C-AE7ADC016929}.Debug|Any CPU.Build.0 = Debug|Any CPU
		{5D96506F-E111-4A0C-A23C-AE7ADC016929}.Release|Any CPU.ActiveCfg = Release|Any CPU
		{5D96506F-E111-4A0C-A23C-AE7ADC016929}.Release|Any CPU.Build.0 = Release|Any CPU
		{EA732EBA-1A37-46A3-AE9A-6C0011D0D7BE}.Debug|Any CPU.ActiveCfg = Debug|Any CPU
		{EA732EBA-1A37-46A3-AE9A-6C0011D0D7BE}.Debug|Any CPU.Build.0 = Debug|Any CPU
		{EA732EBA-1A37-46A3-AE9A-6C0011D0D7BE}.Release|Any CPU.ActiveCfg = Release|Any CPU
		{EA732EBA-1A37-46A3-AE9A-6C0011D0D7BE}.Release|Any CPU.Build.0 = Release|Any CPU
		{5A41A42A-74E3-4A71-ACED-EFFE1AF8DD2B}.Debug|Any CPU.ActiveCfg = Debug|Any CPU
		{5A41A42A-74E3-4A71-ACED-EFFE1AF8DD2B}.Debug|Any CPU.Build.0 = Debug|Any CPU
		{5A41A42A-74E3-4A71-ACED-EFFE1AF8DD2B}.Release|Any CPU.ActiveCfg = Release|Any CPU
		{5A41A42A-74E3-4A71-ACED-EFFE1AF8DD2B}.Release|Any CPU.Build.0 = Release|Any CPU
		{7556AF4E-3583-4CCA-8253-D5FAF72391FA}.Debug|Any CPU.ActiveCfg = Debug|Any CPU
		{7556AF4E-3583-4CCA-8253-D5FAF72391FA}.Debug|Any CPU.Build.0 = Debug|Any CPU
		{7556AF4E-3583-4CCA-8253-D5FAF72391FA}.Release|Any CPU.ActiveCfg = Release|Any CPU
		{7556AF4E-3583-4CCA-8253-D5FAF72391FA}.Release|Any CPU.Build.0 = Release|Any CPU
	EndGlobalSection
	GlobalSection(SolutionProperties) = preSolution
		HideSolutionNode = FALSE
	EndGlobalSection
	GlobalSection(NestedProjects) = preSolution
		{BFB302CC-1CF1-4C8C-BF2C-2D2EC35FD267} = {BC2B9BC9-DDF4-4616-84F6-ED9BDB4B6980}
		{83B1F316-19F8-4EF2-8D89-BB2586A3FB4F} = {1E362BB3-2A6C-477C-ABE8-A261397B41B3}
		{B1200F0A-AA5A-4B4A-9347-1601C2098201} = {1E362BB3-2A6C-477C-ABE8-A261397B41B3}
		{0BE2848B-80BC-4CA8-9220-9EF7B6F3308F} = {BC2B9BC9-DDF4-4616-84F6-ED9BDB4B6980}
		{6FCDDC1F-0B3B-46C4-BC79-6FC6CEFC3BCA} = {BC2B9BC9-DDF4-4616-84F6-ED9BDB4B6980}
		{246F0E12-5735-4FED-8C0E-B8202CEA28A8} = {BC2B9BC9-DDF4-4616-84F6-ED9BDB4B6980}
		{A97C3E75-934E-4658-A95C-3F28B391E0B7} = {1E362BB3-2A6C-477C-ABE8-A261397B41B3}
		{2A810EE8-2FB5-486F-BCEF-1C2FF42E4F5D} = {1E362BB3-2A6C-477C-ABE8-A261397B41B3}
		{712BECE0-6453-4B23-BA44-080BAB111D23} = {E6AE45E8-6A9C-4264-B1CE-B65BF57CCD21}
		{22F2C6D9-1311-4059-91A8-F303664F37DF} = {1E362BB3-2A6C-477C-ABE8-A261397B41B3}
		{A04A4CD6-D4F8-4DCF-BA3A-0A9DCFE13F27} = {1E362BB3-2A6C-477C-ABE8-A261397B41B3}
		{5795C803-E0CC-45DE-B906-2A6009C4A89D} = {1E362BB3-2A6C-477C-ABE8-A261397B41B3}
		{6BD9E469-F4CE-45C5-91DC-E55CD6C8F80C} = {1E362BB3-2A6C-477C-ABE8-A261397B41B3}
		{A3B401BF-3892-458B-8016-D4EAA6F5F503} = {ADB4680B-5E7A-47BD-B5D0-1E0D2EBEAD4F}
		{5EF92239-BC37-4FE0-A2D3-1DC5ECEA33F6} = {ADB4680B-5E7A-47BD-B5D0-1E0D2EBEAD4F}
		{91DEA469-2D04-4A48-814A-0C2723C0B03A} = {5EF92239-BC37-4FE0-A2D3-1DC5ECEA33F6}
		{EB740053-85C6-4BAE-BB43-ACFC3474B569} = {5EF92239-BC37-4FE0-A2D3-1DC5ECEA33F6}
		{9C0E5AFB-4064-4EE8-BAFC-0B5538FF7DD4} = {5EF92239-BC37-4FE0-A2D3-1DC5ECEA33F6}
		{AF9BB9BE-E72D-4B21-B54F-3846E4ED6778} = {5EF92239-BC37-4FE0-A2D3-1DC5ECEA33F6}
		{BEC1E036-5D67-49AC-AF7D-92930FF7BFF4} = {5EF92239-BC37-4FE0-A2D3-1DC5ECEA33F6}
		{B929524D-E1EF-4D1A-8728-E96ADD491452} = {ADB4680B-5E7A-47BD-B5D0-1E0D2EBEAD4F}
		{3BF8A6CF-9BBA-4CEE-99A9-D43ED3B55318} = {B929524D-E1EF-4D1A-8728-E96ADD491452}
		{7A18F3C0-B84F-467A-82EB-608EE5F75FDD} = {3BF8A6CF-9BBA-4CEE-99A9-D43ED3B55318}
		{62EEA682-E55A-40A1-B6B8-ABD77D4AEF91} = {3BF8A6CF-9BBA-4CEE-99A9-D43ED3B55318}
		{AA5F1974-6710-4853-8B0A-99B72151C326} = {3BF8A6CF-9BBA-4CEE-99A9-D43ED3B55318}
		{B13B109F-F0FA-414E-869C-589AEC405968} = {B929524D-E1EF-4D1A-8728-E96ADD491452}
		{FCDEC025-3E5B-4E74-9B70-97B80542A81D} = {B929524D-E1EF-4D1A-8728-E96ADD491452}
		{D674557B-B507-4201-AF10-060827EC311D} = {B929524D-E1EF-4D1A-8728-E96ADD491452}
		{03CE5BEA-91B2-4A48-A2EB-53F0B6BBE6D1} = {B929524D-E1EF-4D1A-8728-E96ADD491452}
		{C2D29239-5DAC-4831-AF71-93CFC3DE63F8} = {B13B109F-F0FA-414E-869C-589AEC405968}
		{6795C19F-BD5F-4EA6-8812-86E92BB0744F} = {B13B109F-F0FA-414E-869C-589AEC405968}
		{6EA8BEAB-F164-43EF-A613-E098BD1B5B65} = {FCDEC025-3E5B-4E74-9B70-97B80542A81D}
		{14701D49-0B3A-4186-A2BE-A6D8EDC7713A} = {FCDEC025-3E5B-4E74-9B70-97B80542A81D}
		{8B039DAD-690D-4FDD-8D00-B52079CC151D} = {D674557B-B507-4201-AF10-060827EC311D}
		{15125467-A370-416D-801A-71BC3A5F09D8} = {03CE5BEA-91B2-4A48-A2EB-53F0B6BBE6D1}
		{C0D8DE88-44C9-4E27-B4DD-60F8F206BEE7} = {D93B37F6-04C2-4B22-ACB9-62F3CE41CBBD}
		{489CCD73-1CEA-4C3F-A099-3455C9BCC9D5} = {D93B37F6-04C2-4B22-ACB9-62F3CE41CBBD}
		{4A47269C-6DF6-4CE8-83EA-A58209D18703} = {E6AE45E8-6A9C-4264-B1CE-B65BF57CCD21}
		{E5A5640F-72D8-42F2-986D-47E919D875D2} = {FB410A8D-A630-4B93-B22D-24450C31B068}
		{0FAB3618-B94F-4263-BC52-4405E3950B6F} = {FB410A8D-A630-4B93-B22D-24450C31B068}
		{EF4D60C7-004B-49F4-B387-974AE4DFFB75} = {0FAB3618-B94F-4263-BC52-4405E3950B6F}
		{8617B481-2BC5-4364-8B18-1FBAFB4E844B} = {FB410A8D-A630-4B93-B22D-24450C31B068}
		{811D1663-E251-4547-8620-82D8FC07FDAF} = {8617B481-2BC5-4364-8B18-1FBAFB4E844B}
		{A9E65D69-9C78-4AD6-9280-0A46D188499E} = {8617B481-2BC5-4364-8B18-1FBAFB4E844B}
		{A40B06E0-69DE-4F50-8B09-FE4F9DB0E4AE} = {8617B481-2BC5-4364-8B18-1FBAFB4E844B}
		{4AB1DED3-FDC9-4B5D-93B8-AAC52F8CDE7D} = {FB410A8D-A630-4B93-B22D-24450C31B068}
		{28A6ABA8-BBFB-4B62-B932-1135839F4C76} = {1E362BB3-2A6C-477C-ABE8-A261397B41B3}
		{AFE56D89-FFF6-4E25-B4C6-580234115F59} = {1E362BB3-2A6C-477C-ABE8-A261397B41B3}
		{EA2EC0FB-F8FC-4D24-9698-F7EB0AB2B3C6} = {1E362BB3-2A6C-477C-ABE8-A261397B41B3}
		{2DE55787-99A9-4C94-8563-CA27FD075827} = {1E362BB3-2A6C-477C-ABE8-A261397B41B3}
		{1C6111E8-6B79-47EB-A721-2337F5414A40} = {1E362BB3-2A6C-477C-ABE8-A261397B41B3}
		{3C6FBFDC-04DA-42E8-9726-63B4D1A24D96} = {1E362BB3-2A6C-477C-ABE8-A261397B41B3}
		{CB211B43-2376-4AEB-B96A-99A319FC89AC} = {1E362BB3-2A6C-477C-ABE8-A261397B41B3}
		{A68F15D2-E8AB-44DB-BFC7-68DE10898606} = {1E362BB3-2A6C-477C-ABE8-A261397B41B3}
		{202E3E75-C9D6-457F-B121-02244C463228} = {1E362BB3-2A6C-477C-ABE8-A261397B41B3}
		{48338EE6-FFAB-4926-BC25-4AE356A293DF} = {1E362BB3-2A6C-477C-ABE8-A261397B41B3}
		{2443E149-3C3A-4A7C-A621-4E105ECDA3A3} = {1E362BB3-2A6C-477C-ABE8-A261397B41B3}
		{C7A8924D-1EB6-46F0-A09E-1E876262AB84} = {1E362BB3-2A6C-477C-ABE8-A261397B41B3}
		{934C4BFF-2E7F-4E3D-93A1-090226D0A27C} = {202E3E75-C9D6-457F-B121-02244C463228}
		{2A13D4DB-7D34-42B5-AF97-954772D029F0} = {202E3E75-C9D6-457F-B121-02244C463228}
		{373618A0-0D8B-4F39-8382-6415C2782F99} = {202E3E75-C9D6-457F-B121-02244C463228}
		{2410C4FE-CAAD-4674-9FCF-FCF136B0EE6B} = {202E3E75-C9D6-457F-B121-02244C463228}
		{5D96506F-E111-4A0C-A23C-AE7ADC016929} = {1E362BB3-2A6C-477C-ABE8-A261397B41B3}
		{FE46E653-628A-4E3B-838B-DFDAE8FA6B36} = {ADB4680B-5E7A-47BD-B5D0-1E0D2EBEAD4F}
		{EA732EBA-1A37-46A3-AE9A-6C0011D0D7BE} = {FE46E653-628A-4E3B-838B-DFDAE8FA6B36}
		{5A41A42A-74E3-4A71-ACED-EFFE1AF8DD2B} = {FE46E653-628A-4E3B-838B-DFDAE8FA6B36}
		{7556AF4E-3583-4CCA-8253-D5FAF72391FA} = {E6AE45E8-6A9C-4264-B1CE-B65BF57CCD21}
	EndGlobalSection
	GlobalSection(ExtensibilityGlobals) = postSolution
		SolutionGuid = {19DA1C0C-CABF-47AA-8DBE-E82809E9C597}
	EndGlobalSection
EndGlobal
