
Microsoft Visual Studio Solution File, Format Version 12.00
# Visual Studio Version 17
VisualStudioVersion = 17.0.32014.148
MinimumVisualStudioVersion = 10.0.40219.1
Project("{2150E333-8FDC-42A3-9474-1A3956D46DE8}") = "CSharp", "CSharp", "{0604E801-73E6-498A-808E-FC253D1B8F18}"
EndProject
Project("{2150E333-8FDC-42A3-9474-1A3956D46DE8}") = "Cpp", "Cpp", "{BEBD7FC2-7136-481F-8618-1E587034D36E}"
EndProject
Project("{8BC9CEB8-8B4A-11D0-8D11-00A0C91BC942}") = "Cpp-Project", "Cpp-Project\Cpp-Project\Cpp-Project.vcxproj", "{79846720-E342-4620-8694-9EB69FB05449}"
EndProject
Project("{9A19103F-16F7-4668-BE54-9A1E7A4F7556}") = "CSharp-Project", "CSharp-Project\CSharp-Project\CSharp-Project.csproj", "{08DA53C3-5D24-4100-ACD2-38D15B233C18}"
EndProject
Project("{9A19103F-16F7-4668-BE54-9A1E7A4F7556}") = "Wpf-Project", "CSharp-Project\Wpf-Project\Wpf-Project.csproj", "{D85C8B22-FC78-4693-A488-9423BBE01E53}"
EndProject
Global
	GlobalSection(SolutionConfigurationPlatforms) = preSolution
		Debug|Any CPU = Debug|Any CPU
		Debug|x64 = Debug|x64
		Debug|x86 = Debug|x86
		Release|Any CPU = Release|Any CPU
		Release|x64 = Release|x64
		Release|x86 = Release|x86
	EndGlobalSection
	GlobalSection(ProjectConfigurationPlatforms) = postSolution
		{79846720-E342-4620-8694-9EB69FB05449}.Debug|Any CPU.ActiveCfg = Debug|x64
		{79846720-E342-4620-8694-9EB69FB05449}.Debug|Any CPU.Build.0 = Debug|x64
		{79846720-E342-4620-8694-9EB69FB05449}.Debug|x64.ActiveCfg = Debug|x64
		{79846720-E342-4620-8694-9EB69FB05449}.Debug|x64.Build.0 = Debug|x64
		{79846720-E342-4620-8694-9EB69FB05449}.Debug|x86.ActiveCfg = Debug|Win32
		{79846720-E342-4620-8694-9EB69FB05449}.Debug|x86.Build.0 = Debug|Win32
		{79846720-E342-4620-8694-9EB69FB05449}.Release|Any CPU.ActiveCfg = Release|x64
		{79846720-E342-4620-8694-9EB69FB05449}.Release|Any CPU.Build.0 = Release|x64
		{79846720-E342-4620-8694-9EB69FB05449}.Release|x64.ActiveCfg = Release|x64
		{79846720-E342-4620-8694-9EB69FB05449}.Release|x64.Build.0 = Release|x64
		{79846720-E342-4620-8694-9EB69FB05449}.Release|x86.ActiveCfg = Release|Win32
		{79846720-E342-4620-8694-9EB69FB05449}.Release|x86.Build.0 = Release|Win32
		{08DA53C3-5D24-4100-ACD2-38D15B233C18}.Debug|Any CPU.ActiveCfg = Debug|Any CPU
		{08DA53C3-5D24-4100-ACD2-38D15B233C18}.Debug|Any CPU.Build.0 = Debug|Any CPU
		{08DA53C3-5D24-4100-ACD2-38D15B233C18}.Debug|x64.ActiveCfg = Debug|Any CPU
		{08DA53C3-5D24-4100-ACD2-38D15B233C18}.Debug|x64.Build.0 = Debug|Any CPU
		{08DA53C3-5D24-4100-ACD2-38D15B233C18}.Debug|x86.ActiveCfg = Debug|Any CPU
		{08DA53C3-5D24-4100-ACD2-38D15B233C18}.Debug|x86.Build.0 = Debug|Any CPU
		{08DA53C3-5D24-4100-ACD2-38D15B233C18}.Release|Any CPU.ActiveCfg = Release|Any CPU
		{08DA53C3-5D24-4100-ACD2-38D15B233C18}.Release|Any CPU.Build.0 = Release|Any CPU
		{08DA53C3-5D24-4100-ACD2-38D15B233C18}.Release|x64.ActiveCfg = Release|Any CPU
		{08DA53C3-5D24-4100-ACD2-38D15B233C18}.Release|x64.Build.0 = Release|Any CPU
		{08DA53C3-5D24-4100-ACD2-38D15B233C18}.Release|x86.ActiveCfg = Release|Any CPU
		{08DA53C3-5D24-4100-ACD2-38D15B233C18}.Release|x86.Build.0 = Release|Any CPU
		{D85C8B22-FC78-4693-A488-9423BBE01E53}.Debug|Any CPU.ActiveCfg = Debug|Any CPU
		{D85C8B22-FC78-4693-A488-9423BBE01E53}.Debug|Any CPU.Build.0 = Debug|Any CPU
		{D85C8B22-FC78-4693-A488-9423BBE01E53}.Debug|x64.ActiveCfg = Debug|Any CPU
		{D85C8B22-FC78-4693-A488-9423BBE01E53}.Debug|x64.Build.0 = Debug|Any CPU
		{D85C8B22-FC78-4693-A488-9423BBE01E53}.Debug|x86.ActiveCfg = Debug|Any CPU
		{D85C8B22-FC78-4693-A488-9423BBE01E53}.Debug|x86.Build.0 = Debug|Any CPU
		{D85C8B22-FC78-4693-A488-9423BBE01E53}.Release|Any CPU.ActiveCfg = Release|Any CPU
		{D85C8B22-FC78-4693-A488-9423BBE01E53}.Release|Any CPU.Build.0 = Release|Any CPU
		{D85C8B22-FC78-4693-A488-9423BBE01E53}.Release|x64.ActiveCfg = Release|Any CPU
		{D85C8B22-FC78-4693-A488-9423BBE01E53}.Release|x64.Build.0 = Release|Any CPU
		{D85C8B22-FC78-4693-A488-9423BBE01E53}.Release|x86.ActiveCfg = Release|Any CPU
		{D85C8B22-FC78-4693-A488-9423BBE01E53}.Release|x86.Build.0 = Release|Any CPU
	EndGlobalSection
	GlobalSection(SolutionProperties) = preSolution
		HideSolutionNode = FALSE
	EndGlobalSection
	GlobalSection(NestedProjects) = preSolution
		{79846720-E342-4620-8694-9EB69FB05449} = {BEBD7FC2-7136-481F-8618-1E587034D36E}
		{08DA53C3-5D24-4100-ACD2-38D15B233C18} = {0604E801-73E6-498A-808E-FC253D1B8F18}
		{D85C8B22-FC78-4693-A488-9423BBE01E53} = {0604E801-73E6-498A-808E-FC253D1B8F18}
	EndGlobalSection
	GlobalSection(ExtensibilityGlobals) = postSolution
		SolutionGuid = {19DA1C0C-CABF-47AA-8DBE-E82809E9C597}
	EndGlobalSection
EndGlobal
