
Microsoft Visual Studio Solution File, Format Version 12.00
# Visual Studio Version 17
VisualStudioVersion = 17.0.32014.148
MinimumVisualStudioVersion = 10.0.40219.1
Project("{2150E333-8FDC-42A3-9474-1A3956D46DE8}") = "CSharp", "CSharp", "{0604E801-73E6-498A-808E-FC253D1B8F18}"
EndProject
Project("{2150E333-8FDC-42A3-9474-1A3956D46DE8}") = "Cpp", "Cpp", "{BEBD7FC2-7136-481F-8618-1E587034D36E}"
EndProject
Project("{8BC9CEB8-8B4A-11D0-8D11-00A0C91BC942}") = "Cpp-Project", "Cpp-Project\Cpp-Project\Cpp-Project.vcxproj", "{79846720-E342-4620-8694-9EB69FB05449}"
EndProject
Project("{9A19103F-16F7-4668-BE54-9A1E7A4F7556}") = "CSharp-Project", "CSharp-Project\CSharp-Project\CSharp-Project.csproj", "{08DA53C3-5D24-4100-ACD2-38D15B233C18}"
EndProject
Project("{9A19103F-16F7-4668-BE54-9A1E7A4F7556}") = "Wpf-Project", "CSharp-Project\Wpf-Project\Wpf-Project.csproj", "{D85C8B22-FC78-4693-A488-9423BBE01E53}"
EndProject
Project("{8BC9CEB8-8B4A-11D0-8D11-00A0C91BC942}") = "Cpp-Console-Project", "Cpp-Project\Cpp-Console-Project\Cpp-Console-Project.vcxproj", "{C7544BE3-3EFC-4B0C-B822-8F35F7988097}"
EndProject
Project("{8BC9CEB8-8B4A-11D0-8D11-00A0C91BC942}") = "C-Project", "Cpp-Project\C-Project\C-Project.vcxproj", "{1487766E-51AB-4CF9-9AFC-39070E99A099}"
EndProject
Project("{9A19103F-16F7-4668-BE54-9A1E7A4F7556}") = "Deligates", "CSharp-Project\Deligates\Deligates.csproj", "{FEBF8F14-42D0-4833-9981-E26B27195D46}"
EndProject
Project("{9A19103F-16F7-4668-BE54-9A1E7A4F7556}") = "HttpClient_ApiClient", "CSharp-Project\HttpClient\HttpClient_ApiClient.csproj", "{9BCC46FD-6AC9-4C81-97FA-B53FD891B964}"
EndProject
Project("{9A19103F-16F7-4668-BE54-9A1E7A4F7556}") = "HttpClient-PostGet", "CSharp-Project\HttpClient-PostGet\HttpClient-PostGet.csproj", "{EFD32CCF-24C0-4F0C-B70E-5E7F000B2217}"
EndProject
Project("{9A19103F-16F7-4668-BE54-9A1E7A4F7556}") = "AzureFunctionApp", "CSharp-Project\AzureFunctionApp\AzureFunctionApp.csproj", "{BCF509F6-FB12-4F11-B067-0148EF3B0BF7}"
EndProject
Project("{9A19103F-16F7-4668-BE54-9A1E7A4F7556}") = "AzureFunctionOpenApi", "CSharp-Project\AzureFunctionOpenApi\AzureFunctionOpenApi.csproj", "{5A643782-6B23-4C05-A861-3E7BD02E3D48}"
EndProject
Project("{9A19103F-16F7-4668-BE54-9A1E7A4F7556}") = "EwmsCsharp-Project", "CSharp-Project\EwmsCsharp-Project\EwmsCsharp-Project.csproj", "{92C94B2C-29E5-4868-89A5-4708010B0E3F}"
EndProject
Project("{9A19103F-16F7-4668-BE54-9A1E7A4F7556}") = "EwmsCsharpTest", "CSharp-Project\EwmsCsharpTest\EwmsCsharpTest.csproj", "{317EA431-04BC-42C4-B12F-F11D200941DA}"
EndProject
Project("{9A19103F-16F7-4668-BE54-9A1E7A4F7556}") = "Invoke", "CSharp-Project\Invoke\Invoke.csproj", "{A1F92D62-F696-48C4-8AD7-805361492EF3}"
EndProject
Project("{9A19103F-16F7-4668-BE54-9A1E7A4F7556}") = "Reflection", "CSharp-Project\Reflection\Reflection.csproj", "{B1DE377B-E7C0-48BD-9696-F1B8E5AD8391}"
EndProject
Project("{9A19103F-16F7-4668-BE54-9A1E7A4F7556}") = "MultyThreadPrimeApp", "CSharp-Project\MultyThreadPrimeApp\MultyThreadPrimeApp.csproj", "{370095F3-A175-4549-BFB9-7B4D398727A5}"
EndProject
Project("{9A19103F-16F7-4668-BE54-9A1E7A4F7556}") = "MultyThreadPrimeLibrary", "CSharp-Project\MultyThreadPrimeLibrary\MultyThreadPrimeLibrary.csproj", "{70EF27B0-CE78-4F1A-A77B-86E50EB52921}"
EndProject
Project("{2150E333-8FDC-42A3-9474-1A3956D46DE8}") = "DataStructure", "DataStructure", "{D9F1B608-3007-49E7-B141-CE7DBDB2DDCE}"
EndProject
Project("{FAE04EC0-301F-11D3-BF4B-00C04F79EFBC}") = "Heap", "CSharp-Project\DataStructure\Heap\Heap.csproj", "{8338159F-848F-4D67-988F-E1CE49F9B04C}"
EndProject
Project("{9A19103F-16F7-4668-BE54-9A1E7A4F7556}") = "Trie", "CSharp-Project\DataStructure\Trie\Trie.csproj", "{7E9FAF9C-4BD3-4EC1-AB5F-571DA57D7B89}"
EndProject
Project("{FAE04EC0-301F-11D3-BF4B-00C04F79EFBC}") = "AvlTree", "CSharp-Project\DataStructure\AvlTree\AvlTree.csproj", "{E2B87DB2-8095-46E5-A6C4-3C63B7FBAC81}"
EndProject
Project("{FAE04EC0-301F-11D3-BF4B-00C04F79EFBC}") = "BinaryTree", "CSharp-Project\DataStructure\BinaryTree\BinaryTree.csproj", "{14153D4D-EE2E-404C-8152-58AD1B98CA1E}"
EndProject
Global
	GlobalSection(SolutionConfigurationPlatforms) = preSolution
		Debug|Any CPU = Debug|Any CPU
		Debug|x64 = Debug|x64
		Debug|x86 = Debug|x86
		Release|Any CPU = Release|Any CPU
		Release|x64 = Release|x64
		Release|x86 = Release|x86
	EndGlobalSection
	GlobalSection(ProjectConfigurationPlatforms) = postSolution
		{79846720-E342-4620-8694-9EB69FB05449}.Debug|Any CPU.ActiveCfg = Debug|x64
		{79846720-E342-4620-8694-9EB69FB05449}.Debug|Any CPU.Build.0 = Debug|x64
		{79846720-E342-4620-8694-9EB69FB05449}.Debug|x64.ActiveCfg = Debug|x64
		{79846720-E342-4620-8694-9EB69FB05449}.Debug|x64.Build.0 = Debug|x64
		{79846720-E342-4620-8694-9EB69FB05449}.Debug|x86.ActiveCfg = Debug|Win32
		{79846720-E342-4620-8694-9EB69FB05449}.Debug|x86.Build.0 = Debug|Win32
		{79846720-E342-4620-8694-9EB69FB05449}.Release|Any CPU.ActiveCfg = Release|x64
		{79846720-E342-4620-8694-9EB69FB05449}.Release|Any CPU.Build.0 = Release|x64
		{79846720-E342-4620-8694-9EB69FB05449}.Release|x64.ActiveCfg = Release|x64
		{79846720-E342-4620-8694-9EB69FB05449}.Release|x64.Build.0 = Release|x64
		{79846720-E342-4620-8694-9EB69FB05449}.Release|x86.ActiveCfg = Release|Win32
		{79846720-E342-4620-8694-9EB69FB05449}.Release|x86.Build.0 = Release|Win32
		{08DA53C3-5D24-4100-ACD2-38D15B233C18}.Debug|Any CPU.ActiveCfg = Debug|Any CPU
		{08DA53C3-5D24-4100-ACD2-38D15B233C18}.Debug|Any CPU.Build.0 = Debug|Any CPU
		{08DA53C3-5D24-4100-ACD2-38D15B233C18}.Debug|x64.ActiveCfg = Debug|Any CPU
		{08DA53C3-5D24-4100-ACD2-38D15B233C18}.Debug|x64.Build.0 = Debug|Any CPU
		{08DA53C3-5D24-4100-ACD2-38D15B233C18}.Debug|x86.ActiveCfg = Debug|Any CPU
		{08DA53C3-5D24-4100-ACD2-38D15B233C18}.Debug|x86.Build.0 = Debug|Any CPU
		{08DA53C3-5D24-4100-ACD2-38D15B233C18}.Release|Any CPU.ActiveCfg = Release|Any CPU
		{08DA53C3-5D24-4100-ACD2-38D15B233C18}.Release|Any CPU.Build.0 = Release|Any CPU
		{08DA53C3-5D24-4100-ACD2-38D15B233C18}.Release|x64.ActiveCfg = Release|Any CPU
		{08DA53C3-5D24-4100-ACD2-38D15B233C18}.Release|x64.Build.0 = Release|Any CPU
		{08DA53C3-5D24-4100-ACD2-38D15B233C18}.Release|x86.ActiveCfg = Release|Any CPU
		{08DA53C3-5D24-4100-ACD2-38D15B233C18}.Release|x86.Build.0 = Release|Any CPU
		{D85C8B22-FC78-4693-A488-9423BBE01E53}.Debug|Any CPU.ActiveCfg = Debug|Any CPU
		{D85C8B22-FC78-4693-A488-9423BBE01E53}.Debug|Any CPU.Build.0 = Debug|Any CPU
		{D85C8B22-FC78-4693-A488-9423BBE01E53}.Debug|x64.ActiveCfg = Debug|Any CPU
		{D85C8B22-FC78-4693-A488-9423BBE01E53}.Debug|x64.Build.0 = Debug|Any CPU
		{D85C8B22-FC78-4693-A488-9423BBE01E53}.Debug|x86.ActiveCfg = Debug|Any CPU
		{D85C8B22-FC78-4693-A488-9423BBE01E53}.Debug|x86.Build.0 = Debug|Any CPU
		{D85C8B22-FC78-4693-A488-9423BBE01E53}.Release|Any CPU.ActiveCfg = Release|Any CPU
		{D85C8B22-FC78-4693-A488-9423BBE01E53}.Release|Any CPU.Build.0 = Release|Any CPU
		{D85C8B22-FC78-4693-A488-9423BBE01E53}.Release|x64.ActiveCfg = Release|Any CPU
		{D85C8B22-FC78-4693-A488-9423BBE01E53}.Release|x64.Build.0 = Release|Any CPU
		{D85C8B22-FC78-4693-A488-9423BBE01E53}.Release|x86.ActiveCfg = Release|Any CPU
		{D85C8B22-FC78-4693-A488-9423BBE01E53}.Release|x86.Build.0 = Release|Any CPU
		{C7544BE3-3EFC-4B0C-B822-8F35F7988097}.Debug|Any CPU.ActiveCfg = Debug|x64
		{C7544BE3-3EFC-4B0C-B822-8F35F7988097}.Debug|Any CPU.Build.0 = Debug|x64
		{C7544BE3-3EFC-4B0C-B822-8F35F7988097}.Debug|x64.ActiveCfg = Debug|x64
		{C7544BE3-3EFC-4B0C-B822-8F35F7988097}.Debug|x64.Build.0 = Debug|x64
		{C7544BE3-3EFC-4B0C-B822-8F35F7988097}.Debug|x86.ActiveCfg = Debug|Win32
		{C7544BE3-3EFC-4B0C-B822-8F35F7988097}.Debug|x86.Build.0 = Debug|Win32
		{C7544BE3-3EFC-4B0C-B822-8F35F7988097}.Release|Any CPU.ActiveCfg = Release|x64
		{C7544BE3-3EFC-4B0C-B822-8F35F7988097}.Release|Any CPU.Build.0 = Release|x64
		{C7544BE3-3EFC-4B0C-B822-8F35F7988097}.Release|x64.ActiveCfg = Release|x64
		{C7544BE3-3EFC-4B0C-B822-8F35F7988097}.Release|x64.Build.0 = Release|x64
		{C7544BE3-3EFC-4B0C-B822-8F35F7988097}.Release|x86.ActiveCfg = Release|Win32
		{C7544BE3-3EFC-4B0C-B822-8F35F7988097}.Release|x86.Build.0 = Release|Win32
		{1487766E-51AB-4CF9-9AFC-39070E99A099}.Debug|Any CPU.ActiveCfg = Debug|x64
		{1487766E-51AB-4CF9-9AFC-39070E99A099}.Debug|Any CPU.Build.0 = Debug|x64
		{1487766E-51AB-4CF9-9AFC-39070E99A099}.Debug|x64.ActiveCfg = Debug|x64
		{1487766E-51AB-4CF9-9AFC-39070E99A099}.Debug|x64.Build.0 = Debug|x64
		{1487766E-51AB-4CF9-9AFC-39070E99A099}.Debug|x86.ActiveCfg = Debug|Win32
		{1487766E-51AB-4CF9-9AFC-39070E99A099}.Debug|x86.Build.0 = Debug|Win32
		{1487766E-51AB-4CF9-9AFC-39070E99A099}.Release|Any CPU.ActiveCfg = Release|x64
		{1487766E-51AB-4CF9-9AFC-39070E99A099}.Release|Any CPU.Build.0 = Release|x64
		{1487766E-51AB-4CF9-9AFC-39070E99A099}.Release|x64.ActiveCfg = Release|x64
		{1487766E-51AB-4CF9-9AFC-39070E99A099}.Release|x64.Build.0 = Release|x64
		{1487766E-51AB-4CF9-9AFC-39070E99A099}.Release|x86.ActiveCfg = Release|Win32
		{1487766E-51AB-4CF9-9AFC-39070E99A099}.Release|x86.Build.0 = Release|Win32
		{FEBF8F14-42D0-4833-9981-E26B27195D46}.Debug|Any CPU.ActiveCfg = Debug|Any CPU
		{FEBF8F14-42D0-4833-9981-E26B27195D46}.Debug|Any CPU.Build.0 = Debug|Any CPU
		{FEBF8F14-42D0-4833-9981-E26B27195D46}.Debug|x64.ActiveCfg = Debug|Any CPU
		{FEBF8F14-42D0-4833-9981-E26B27195D46}.Debug|x64.Build.0 = Debug|Any CPU
		{FEBF8F14-42D0-4833-9981-E26B27195D46}.Debug|x86.ActiveCfg = Debug|Any CPU
		{FEBF8F14-42D0-4833-9981-E26B27195D46}.Debug|x86.Build.0 = Debug|Any CPU
		{FEBF8F14-42D0-4833-9981-E26B27195D46}.Release|Any CPU.ActiveCfg = Release|Any CPU
		{FEBF8F14-42D0-4833-9981-E26B27195D46}.Release|Any CPU.Build.0 = Release|Any CPU
		{FEBF8F14-42D0-4833-9981-E26B27195D46}.Release|x64.ActiveCfg = Release|Any CPU
		{FEBF8F14-42D0-4833-9981-E26B27195D46}.Release|x64.Build.0 = Release|Any CPU
		{FEBF8F14-42D0-4833-9981-E26B27195D46}.Release|x86.ActiveCfg = Release|Any CPU
		{FEBF8F14-42D0-4833-9981-E26B27195D46}.Release|x86.Build.0 = Release|Any CPU
		{9BCC46FD-6AC9-4C81-97FA-B53FD891B964}.Debug|Any CPU.ActiveCfg = Debug|Any CPU
		{9BCC46FD-6AC9-4C81-97FA-B53FD891B964}.Debug|Any CPU.Build.0 = Debug|Any CPU
		{9BCC46FD-6AC9-4C81-97FA-B53FD891B964}.Debug|x64.ActiveCfg = Debug|Any CPU
		{9BCC46FD-6AC9-4C81-97FA-B53FD891B964}.Debug|x64.Build.0 = Debug|Any CPU
		{9BCC46FD-6AC9-4C81-97FA-B53FD891B964}.Debug|x86.ActiveCfg = Debug|Any CPU
		{9BCC46FD-6AC9-4C81-97FA-B53FD891B964}.Debug|x86.Build.0 = Debug|Any CPU
		{9BCC46FD-6AC9-4C81-97FA-B53FD891B964}.Release|Any CPU.ActiveCfg = Release|Any CPU
		{9BCC46FD-6AC9-4C81-97FA-B53FD891B964}.Release|Any CPU.Build.0 = Release|Any CPU
		{9BCC46FD-6AC9-4C81-97FA-B53FD891B964}.Release|x64.ActiveCfg = Release|Any CPU
		{9BCC46FD-6AC9-4C81-97FA-B53FD891B964}.Release|x64.Build.0 = Release|Any CPU
		{9BCC46FD-6AC9-4C81-97FA-B53FD891B964}.Release|x86.ActiveCfg = Release|Any CPU
		{9BCC46FD-6AC9-4C81-97FA-B53FD891B964}.Release|x86.Build.0 = Release|Any CPU
		{EFD32CCF-24C0-4F0C-B70E-5E7F000B2217}.Debug|Any CPU.ActiveCfg = Debug|Any CPU
		{EFD32CCF-24C0-4F0C-B70E-5E7F000B2217}.Debug|Any CPU.Build.0 = Debug|Any CPU
		{EFD32CCF-24C0-4F0C-B70E-5E7F000B2217}.Debug|x64.ActiveCfg = Debug|Any CPU
		{EFD32CCF-24C0-4F0C-B70E-5E7F000B2217}.Debug|x64.Build.0 = Debug|Any CPU
		{EFD32CCF-24C0-4F0C-B70E-5E7F000B2217}.Debug|x86.ActiveCfg = Debug|Any CPU
		{EFD32CCF-24C0-4F0C-B70E-5E7F000B2217}.Debug|x86.Build.0 = Debug|Any CPU
		{EFD32CCF-24C0-4F0C-B70E-5E7F000B2217}.Release|Any CPU.ActiveCfg = Release|Any CPU
		{EFD32CCF-24C0-4F0C-B70E-5E7F000B2217}.Release|Any CPU.Build.0 = Release|Any CPU
		{EFD32CCF-24C0-4F0C-B70E-5E7F000B2217}.Release|x64.ActiveCfg = Release|Any CPU
		{EFD32CCF-24C0-4F0C-B70E-5E7F000B2217}.Release|x64.Build.0 = Release|Any CPU
		{EFD32CCF-24C0-4F0C-B70E-5E7F000B2217}.Release|x86.ActiveCfg = Release|Any CPU
		{EFD32CCF-24C0-4F0C-B70E-5E7F000B2217}.Release|x86.Build.0 = Release|Any CPU
		{BCF509F6-FB12-4F11-B067-0148EF3B0BF7}.Debug|Any CPU.ActiveCfg = Debug|Any CPU
		{BCF509F6-FB12-4F11-B067-0148EF3B0BF7}.Debug|Any CPU.Build.0 = Debug|Any CPU
		{BCF509F6-FB12-4F11-B067-0148EF3B0BF7}.Debug|x64.ActiveCfg = Debug|Any CPU
		{BCF509F6-FB12-4F11-B067-0148EF3B0BF7}.Debug|x64.Build.0 = Debug|Any CPU
		{BCF509F6-FB12-4F11-B067-0148EF3B0BF7}.Debug|x86.ActiveCfg = Debug|Any CPU
		{BCF509F6-FB12-4F11-B067-0148EF3B0BF7}.Debug|x86.Build.0 = Debug|Any CPU
		{BCF509F6-FB12-4F11-B067-0148EF3B0BF7}.Release|Any CPU.ActiveCfg = Release|Any CPU
		{BCF509F6-FB12-4F11-B067-0148EF3B0BF7}.Release|Any CPU.Build.0 = Release|Any CPU
		{BCF509F6-FB12-4F11-B067-0148EF3B0BF7}.Release|x64.ActiveCfg = Release|Any CPU
		{BCF509F6-FB12-4F11-B067-0148EF3B0BF7}.Release|x64.Build.0 = Release|Any CPU
		{BCF509F6-FB12-4F11-B067-0148EF3B0BF7}.Release|x86.ActiveCfg = Release|Any CPU
		{BCF509F6-FB12-4F11-B067-0148EF3B0BF7}.Release|x86.Build.0 = Release|Any CPU
		{5A643782-6B23-4C05-A861-3E7BD02E3D48}.Debug|Any CPU.ActiveCfg = Debug|Any CPU
		{5A643782-6B23-4C05-A861-3E7BD02E3D48}.Debug|Any CPU.Build.0 = Debug|Any CPU
		{5A643782-6B23-4C05-A861-3E7BD02E3D48}.Debug|x64.ActiveCfg = Debug|Any CPU
		{5A643782-6B23-4C05-A861-3E7BD02E3D48}.Debug|x64.Build.0 = Debug|Any CPU
		{5A643782-6B23-4C05-A861-3E7BD02E3D48}.Debug|x86.ActiveCfg = Debug|Any CPU
		{5A643782-6B23-4C05-A861-3E7BD02E3D48}.Debug|x86.Build.0 = Debug|Any CPU
		{5A643782-6B23-4C05-A861-3E7BD02E3D48}.Release|Any CPU.ActiveCfg = Release|Any CPU
		{5A643782-6B23-4C05-A861-3E7BD02E3D48}.Release|Any CPU.Build.0 = Release|Any CPU
		{5A643782-6B23-4C05-A861-3E7BD02E3D48}.Release|x64.ActiveCfg = Release|Any CPU
		{5A643782-6B23-4C05-A861-3E7BD02E3D48}.Release|x64.Build.0 = Release|Any CPU
		{5A643782-6B23-4C05-A861-3E7BD02E3D48}.Release|x86.ActiveCfg = Release|Any CPU
		{5A643782-6B23-4C05-A861-3E7BD02E3D48}.Release|x86.Build.0 = Release|Any CPU
		{92C94B2C-29E5-4868-89A5-4708010B0E3F}.Debug|Any CPU.ActiveCfg = Debug|Any CPU
		{92C94B2C-29E5-4868-89A5-4708010B0E3F}.Debug|Any CPU.Build.0 = Debug|Any CPU
		{92C94B2C-29E5-4868-89A5-4708010B0E3F}.Debug|x64.ActiveCfg = Debug|Any CPU
		{92C94B2C-29E5-4868-89A5-4708010B0E3F}.Debug|x64.Build.0 = Debug|Any CPU
		{92C94B2C-29E5-4868-89A5-4708010B0E3F}.Debug|x86.ActiveCfg = Debug|Any CPU
		{92C94B2C-29E5-4868-89A5-4708010B0E3F}.Debug|x86.Build.0 = Debug|Any CPU
		{92C94B2C-29E5-4868-89A5-4708010B0E3F}.Release|Any CPU.ActiveCfg = Release|Any CPU
		{92C94B2C-29E5-4868-89A5-4708010B0E3F}.Release|Any CPU.Build.0 = Release|Any CPU
		{92C94B2C-29E5-4868-89A5-4708010B0E3F}.Release|x64.ActiveCfg = Release|Any CPU
		{92C94B2C-29E5-4868-89A5-4708010B0E3F}.Release|x64.Build.0 = Release|Any CPU
		{92C94B2C-29E5-4868-89A5-4708010B0E3F}.Release|x86.ActiveCfg = Release|Any CPU
		{92C94B2C-29E5-4868-89A5-4708010B0E3F}.Release|x86.Build.0 = Release|Any CPU
		{317EA431-04BC-42C4-B12F-F11D200941DA}.Debug|Any CPU.ActiveCfg = Debug|Any CPU
		{317EA431-04BC-42C4-B12F-F11D200941DA}.Debug|Any CPU.Build.0 = Debug|Any CPU
		{317EA431-04BC-42C4-B12F-F11D200941DA}.Debug|x64.ActiveCfg = Debug|Any CPU
		{317EA431-04BC-42C4-B12F-F11D200941DA}.Debug|x64.Build.0 = Debug|Any CPU
		{317EA431-04BC-42C4-B12F-F11D200941DA}.Debug|x86.ActiveCfg = Debug|Any CPU
		{317EA431-04BC-42C4-B12F-F11D200941DA}.Debug|x86.Build.0 = Debug|Any CPU
		{317EA431-04BC-42C4-B12F-F11D200941DA}.Release|Any CPU.ActiveCfg = Release|Any CPU
		{317EA431-04BC-42C4-B12F-F11D200941DA}.Release|Any CPU.Build.0 = Release|Any CPU
		{317EA431-04BC-42C4-B12F-F11D200941DA}.Release|x64.ActiveCfg = Release|Any CPU
		{317EA431-04BC-42C4-B12F-F11D200941DA}.Release|x64.Build.0 = Release|Any CPU
		{317EA431-04BC-42C4-B12F-F11D200941DA}.Release|x86.ActiveCfg = Release|Any CPU
		{317EA431-04BC-42C4-B12F-F11D200941DA}.Release|x86.Build.0 = Release|Any CPU
		{A1F92D62-F696-48C4-8AD7-805361492EF3}.Debug|Any CPU.ActiveCfg = Debug|Any CPU
		{A1F92D62-F696-48C4-8AD7-805361492EF3}.Debug|Any CPU.Build.0 = Debug|Any CPU
		{A1F92D62-F696-48C4-8AD7-805361492EF3}.Debug|x64.ActiveCfg = Debug|Any CPU
		{A1F92D62-F696-48C4-8AD7-805361492EF3}.Debug|x64.Build.0 = Debug|Any CPU
		{A1F92D62-F696-48C4-8AD7-805361492EF3}.Debug|x86.ActiveCfg = Debug|Any CPU
		{A1F92D62-F696-48C4-8AD7-805361492EF3}.Debug|x86.Build.0 = Debug|Any CPU
		{A1F92D62-F696-48C4-8AD7-805361492EF3}.Release|Any CPU.ActiveCfg = Release|Any CPU
		{A1F92D62-F696-48C4-8AD7-805361492EF3}.Release|Any CPU.Build.0 = Release|Any CPU
		{A1F92D62-F696-48C4-8AD7-805361492EF3}.Release|x64.ActiveCfg = Release|Any CPU
		{A1F92D62-F696-48C4-8AD7-805361492EF3}.Release|x64.Build.0 = Release|Any CPU
		{A1F92D62-F696-48C4-8AD7-805361492EF3}.Release|x86.ActiveCfg = Release|Any CPU
		{A1F92D62-F696-48C4-8AD7-805361492EF3}.Release|x86.Build.0 = Release|Any CPU
		{B1DE377B-E7C0-48BD-9696-F1B8E5AD8391}.Debug|Any CPU.ActiveCfg = Debug|Any CPU
		{B1DE377B-E7C0-48BD-9696-F1B8E5AD8391}.Debug|Any CPU.Build.0 = Debug|Any CPU
		{B1DE377B-E7C0-48BD-9696-F1B8E5AD8391}.Debug|x64.ActiveCfg = Debug|Any CPU
		{B1DE377B-E7C0-48BD-9696-F1B8E5AD8391}.Debug|x64.Build.0 = Debug|Any CPU
		{B1DE377B-E7C0-48BD-9696-F1B8E5AD8391}.Debug|x86.ActiveCfg = Debug|Any CPU
		{B1DE377B-E7C0-48BD-9696-F1B8E5AD8391}.Debug|x86.Build.0 = Debug|Any CPU
		{B1DE377B-E7C0-48BD-9696-F1B8E5AD8391}.Release|Any CPU.ActiveCfg = Release|Any CPU
		{B1DE377B-E7C0-48BD-9696-F1B8E5AD8391}.Release|Any CPU.Build.0 = Release|Any CPU
		{B1DE377B-E7C0-48BD-9696-F1B8E5AD8391}.Release|x64.ActiveCfg = Release|Any CPU
		{B1DE377B-E7C0-48BD-9696-F1B8E5AD8391}.Release|x64.Build.0 = Release|Any CPU
		{B1DE377B-E7C0-48BD-9696-F1B8E5AD8391}.Release|x86.ActiveCfg = Release|Any CPU
		{B1DE377B-E7C0-48BD-9696-F1B8E5AD8391}.Release|x86.Build.0 = Release|Any CPU
		{370095F3-A175-4549-BFB9-7B4D398727A5}.Debug|Any CPU.ActiveCfg = Debug|Any CPU
		{370095F3-A175-4549-BFB9-7B4D398727A5}.Debug|Any CPU.Build.0 = Debug|Any CPU
		{370095F3-A175-4549-BFB9-7B4D398727A5}.Debug|x64.ActiveCfg = Debug|Any CPU
		{370095F3-A175-4549-BFB9-7B4D398727A5}.Debug|x64.Build.0 = Debug|Any CPU
		{370095F3-A175-4549-BFB9-7B4D398727A5}.Debug|x86.ActiveCfg = Debug|Any CPU
		{370095F3-A175-4549-BFB9-7B4D398727A5}.Debug|x86.Build.0 = Debug|Any CPU
		{370095F3-A175-4549-BFB9-7B4D398727A5}.Release|Any CPU.ActiveCfg = Release|Any CPU
		{370095F3-A175-4549-BFB9-7B4D398727A5}.Release|Any CPU.Build.0 = Release|Any CPU
		{370095F3-A175-4549-BFB9-7B4D398727A5}.Release|x64.ActiveCfg = Release|Any CPU
		{370095F3-A175-4549-BFB9-7B4D398727A5}.Release|x64.Build.0 = Release|Any CPU
		{370095F3-A175-4549-BFB9-7B4D398727A5}.Release|x86.ActiveCfg = Release|Any CPU
		{370095F3-A175-4549-BFB9-7B4D398727A5}.Release|x86.Build.0 = Release|Any CPU
		{70EF27B0-CE78-4F1A-A77B-86E50EB52921}.Debug|Any CPU.ActiveCfg = Debug|Any CPU
		{70EF27B0-CE78-4F1A-A77B-86E50EB52921}.Debug|Any CPU.Build.0 = Debug|Any CPU
		{70EF27B0-CE78-4F1A-A77B-86E50EB52921}.Debug|x64.ActiveCfg = Debug|Any CPU
		{70EF27B0-CE78-4F1A-A77B-86E50EB52921}.Debug|x64.Build.0 = Debug|Any CPU
		{70EF27B0-CE78-4F1A-A77B-86E50EB52921}.Debug|x86.ActiveCfg = Debug|Any CPU
		{70EF27B0-CE78-4F1A-A77B-86E50EB52921}.Debug|x86.Build.0 = Debug|Any CPU
		{70EF27B0-CE78-4F1A-A77B-86E50EB52921}.Release|Any CPU.ActiveCfg = Release|Any CPU
		{70EF27B0-CE78-4F1A-A77B-86E50EB52921}.Release|Any CPU.Build.0 = Release|Any CPU
		{70EF27B0-CE78-4F1A-A77B-86E50EB52921}.Release|x64.ActiveCfg = Release|Any CPU
		{70EF27B0-CE78-4F1A-A77B-86E50EB52921}.Release|x64.Build.0 = Release|Any CPU
		{70EF27B0-CE78-4F1A-A77B-86E50EB52921}.Release|x86.ActiveCfg = Release|Any CPU
		{70EF27B0-CE78-4F1A-A77B-86E50EB52921}.Release|x86.Build.0 = Release|Any CPU
		{8338159F-848F-4D67-988F-E1CE49F9B04C}.Debug|Any CPU.ActiveCfg = Debug|Any CPU
		{8338159F-848F-4D67-988F-E1CE49F9B04C}.Debug|Any CPU.Build.0 = Debug|Any CPU
		{8338159F-848F-4D67-988F-E1CE49F9B04C}.Debug|x64.ActiveCfg = Debug|Any CPU
		{8338159F-848F-4D67-988F-E1CE49F9B04C}.Debug|x64.Build.0 = Debug|Any CPU
		{8338159F-848F-4D67-988F-E1CE49F9B04C}.Debug|x86.ActiveCfg = Debug|Any CPU
		{8338159F-848F-4D67-988F-E1CE49F9B04C}.Debug|x86.Build.0 = Debug|Any CPU
		{8338159F-848F-4D67-988F-E1CE49F9B04C}.Release|Any CPU.ActiveCfg = Release|Any CPU
		{8338159F-848F-4D67-988F-E1CE49F9B04C}.Release|Any CPU.Build.0 = Release|Any CPU
		{8338159F-848F-4D67-988F-E1CE49F9B04C}.Release|x64.ActiveCfg = Release|Any CPU
		{8338159F-848F-4D67-988F-E1CE49F9B04C}.Release|x64.Build.0 = Release|Any CPU
		{8338159F-848F-4D67-988F-E1CE49F9B04C}.Release|x86.ActiveCfg = Release|Any CPU
		{8338159F-848F-4D67-988F-E1CE49F9B04C}.Release|x86.Build.0 = Release|Any CPU
		{7E9FAF9C-4BD3-4EC1-AB5F-571DA57D7B89}.Debug|Any CPU.ActiveCfg = Debug|Any CPU
		{7E9FAF9C-4BD3-4EC1-AB5F-571DA57D7B89}.Debug|Any CPU.Build.0 = Debug|Any CPU
		{7E9FAF9C-4BD3-4EC1-AB5F-571DA57D7B89}.Debug|x64.ActiveCfg = Debug|Any CPU
		{7E9FAF9C-4BD3-4EC1-AB5F-571DA57D7B89}.Debug|x64.Build.0 = Debug|Any CPU
		{7E9FAF9C-4BD3-4EC1-AB5F-571DA57D7B89}.Debug|x86.ActiveCfg = Debug|Any CPU
		{7E9FAF9C-4BD3-4EC1-AB5F-571DA57D7B89}.Debug|x86.Build.0 = Debug|Any CPU
		{7E9FAF9C-4BD3-4EC1-AB5F-571DA57D7B89}.Release|Any CPU.ActiveCfg = Release|Any CPU
		{7E9FAF9C-4BD3-4EC1-AB5F-571DA57D7B89}.Release|Any CPU.Build.0 = Release|Any CPU
		{7E9FAF9C-4BD3-4EC1-AB5F-571DA57D7B89}.Release|x64.ActiveCfg = Release|Any CPU
		{7E9FAF9C-4BD3-4EC1-AB5F-571DA57D7B89}.Release|x64.Build.0 = Release|Any CPU
		{7E9FAF9C-4BD3-4EC1-AB5F-571DA57D7B89}.Release|x86.ActiveCfg = Release|Any CPU
		{7E9FAF9C-4BD3-4EC1-AB5F-571DA57D7B89}.Release|x86.Build.0 = Release|Any CPU
		{E2B87DB2-8095-46E5-A6C4-3C63B7FBAC81}.Debug|Any CPU.ActiveCfg = Debug|Any CPU
		{E2B87DB2-8095-46E5-A6C4-3C63B7FBAC81}.Debug|Any CPU.Build.0 = Debug|Any CPU
		{E2B87DB2-8095-46E5-A6C4-3C63B7FBAC81}.Debug|x64.ActiveCfg = Debug|Any CPU
		{E2B87DB2-8095-46E5-A6C4-3C63B7FBAC81}.Debug|x64.Build.0 = Debug|Any CPU
		{E2B87DB2-8095-46E5-A6C4-3C63B7FBAC81}.Debug|x86.ActiveCfg = Debug|Any CPU
		{E2B87DB2-8095-46E5-A6C4-3C63B7FBAC81}.Debug|x86.Build.0 = Debug|Any CPU
		{E2B87DB2-8095-46E5-A6C4-3C63B7FBAC81}.Release|Any CPU.ActiveCfg = Release|Any CPU
		{E2B87DB2-8095-46E5-A6C4-3C63B7FBAC81}.Release|Any CPU.Build.0 = Release|Any CPU
		{E2B87DB2-8095-46E5-A6C4-3C63B7FBAC81}.Release|x64.ActiveCfg = Release|Any CPU
		{E2B87DB2-8095-46E5-A6C4-3C63B7FBAC81}.Release|x64.Build.0 = Release|Any CPU
		{E2B87DB2-8095-46E5-A6C4-3C63B7FBAC81}.Release|x86.ActiveCfg = Release|Any CPU
		{E2B87DB2-8095-46E5-A6C4-3C63B7FBAC81}.Release|x86.Build.0 = Release|Any CPU
		{14153D4D-EE2E-404C-8152-58AD1B98CA1E}.Debug|Any CPU.ActiveCfg = Debug|Any CPU
		{14153D4D-EE2E-404C-8152-58AD1B98CA1E}.Debug|Any CPU.Build.0 = Debug|Any CPU
		{14153D4D-EE2E-404C-8152-58AD1B98CA1E}.Debug|x64.ActiveCfg = Debug|Any CPU
		{14153D4D-EE2E-404C-8152-58AD1B98CA1E}.Debug|x64.Build.0 = Debug|Any CPU
		{14153D4D-EE2E-404C-8152-58AD1B98CA1E}.Debug|x86.ActiveCfg = Debug|Any CPU
		{14153D4D-EE2E-404C-8152-58AD1B98CA1E}.Debug|x86.Build.0 = Debug|Any CPU
		{14153D4D-EE2E-404C-8152-58AD1B98CA1E}.Release|Any CPU.ActiveCfg = Release|Any CPU
		{14153D4D-EE2E-404C-8152-58AD1B98CA1E}.Release|Any CPU.Build.0 = Release|Any CPU
		{14153D4D-EE2E-404C-8152-58AD1B98CA1E}.Release|x64.ActiveCfg = Release|Any CPU
		{14153D4D-EE2E-404C-8152-58AD1B98CA1E}.Release|x64.Build.0 = Release|Any CPU
		{14153D4D-EE2E-404C-8152-58AD1B98CA1E}.Release|x86.ActiveCfg = Release|Any CPU
		{14153D4D-EE2E-404C-8152-58AD1B98CA1E}.Release|x86.Build.0 = Release|Any CPU
	EndGlobalSection
	GlobalSection(SolutionProperties) = preSolution
		HideSolutionNode = FALSE
	EndGlobalSection
	GlobalSection(NestedProjects) = preSolution
		{79846720-E342-4620-8694-9EB69FB05449} = {BEBD7FC2-7136-481F-8618-1E587034D36E}
		{08DA53C3-5D24-4100-ACD2-38D15B233C18} = {0604E801-73E6-498A-808E-FC253D1B8F18}
		{D85C8B22-FC78-4693-A488-9423BBE01E53} = {0604E801-73E6-498A-808E-FC253D1B8F18}
		{C7544BE3-3EFC-4B0C-B822-8F35F7988097} = {BEBD7FC2-7136-481F-8618-1E587034D36E}
		{1487766E-51AB-4CF9-9AFC-39070E99A099} = {BEBD7FC2-7136-481F-8618-1E587034D36E}
		{FEBF8F14-42D0-4833-9981-E26B27195D46} = {0604E801-73E6-498A-808E-FC253D1B8F18}
		{9BCC46FD-6AC9-4C81-97FA-B53FD891B964} = {0604E801-73E6-498A-808E-FC253D1B8F18}
		{EFD32CCF-24C0-4F0C-B70E-5E7F000B2217} = {0604E801-73E6-498A-808E-FC253D1B8F18}
		{BCF509F6-FB12-4F11-B067-0148EF3B0BF7} = {0604E801-73E6-498A-808E-FC253D1B8F18}
		{5A643782-6B23-4C05-A861-3E7BD02E3D48} = {0604E801-73E6-498A-808E-FC253D1B8F18}
		{92C94B2C-29E5-4868-89A5-4708010B0E3F} = {0604E801-73E6-498A-808E-FC253D1B8F18}
		{317EA431-04BC-42C4-B12F-F11D200941DA} = {0604E801-73E6-498A-808E-FC253D1B8F18}
		{A1F92D62-F696-48C4-8AD7-805361492EF3} = {0604E801-73E6-498A-808E-FC253D1B8F18}
		{B1DE377B-E7C0-48BD-9696-F1B8E5AD8391} = {0604E801-73E6-498A-808E-FC253D1B8F18}
		{370095F3-A175-4549-BFB9-7B4D398727A5} = {0604E801-73E6-498A-808E-FC253D1B8F18}
		{70EF27B0-CE78-4F1A-A77B-86E50EB52921} = {0604E801-73E6-498A-808E-FC253D1B8F18}
		{D9F1B608-3007-49E7-B141-CE7DBDB2DDCE} = {0604E801-73E6-498A-808E-FC253D1B8F18}
		{8338159F-848F-4D67-988F-E1CE49F9B04C} = {D9F1B608-3007-49E7-B141-CE7DBDB2DDCE}
		{7E9FAF9C-4BD3-4EC1-AB5F-571DA57D7B89} = {D9F1B608-3007-49E7-B141-CE7DBDB2DDCE}
		{E2B87DB2-8095-46E5-A6C4-3C63B7FBAC81} = {D9F1B608-3007-49E7-B141-CE7DBDB2DDCE}
		{14153D4D-EE2E-404C-8152-58AD1B98CA1E} = {D9F1B608-3007-49E7-B141-CE7DBDB2DDCE}
	EndGlobalSection
	GlobalSection(ExtensibilityGlobals) = postSolution
		SolutionGuid = {19DA1C0C-CABF-47AA-8DBE-E82809E9C597}
	EndGlobalSection
EndGlobal
