
Microsoft Visual Studio Solution File, Format Version 12.00
# Visual Studio Version 17
VisualStudioVersion = 17.0.32014.148
MinimumVisualStudioVersion = 10.0.40219.1
Project("{9A19103F-16F7-4668-BE54-9A1E7A4F7556}") = "MultyThreadApp", "MultyThreadApp\MultyThreadApp.csproj", "{9F2F3FFF-A2E0-429A-8BDE-F580A5C0B5D5}"
EndProject
Project("{9A19103F-16F7-4668-BE54-9A1E7A4F7556}") = "TestMethodInfo", "TestMethodInfo\TestMethodInfo.csproj", "{036D2499-C6B3-4BF4-B78A-BFC14D3D1817}"
EndProject
Project("{9A19103F-16F7-4668-BE54-9A1E7A4F7556}") = "Invoke", "Invoke\Invoke.csproj", "{E535F1D9-BC31-44D7-B474-38642AF9F25A}"
EndProject
Project("{FAE04EC0-301F-11D3-BF4B-00C04F79EFBC}") = "MultyThreadLibrary", "MultyThreadLibrary\MultyThreadLibrary.csproj", "{C32ABB26-10BD-4176-BF39-DE7D0D8C6739}"
EndProject
Global
	GlobalSection(SolutionConfigurationPlatforms) = preSolution
		Debug|Any CPU = Debug|Any CPU
		Release|Any CPU = Release|Any CPU
	EndGlobalSection
	GlobalSection(ProjectConfigurationPlatforms) = postSolution
		{9F2F3FFF-A2E0-429A-8BDE-F580A5C0B5D5}.Debug|Any CPU.ActiveCfg = Debug|Any CPU
		{9F2F3FFF-A2E0-429A-8BDE-F580A5C0B5D5}.Debug|Any CPU.Build.0 = Debug|Any CPU
		{9F2F3FFF-A2E0-429A-8BDE-F580A5C0B5D5}.Release|Any CPU.ActiveCfg = Release|Any CPU
		{9F2F3FFF-A2E0-429A-8BDE-F580A5C0B5D5}.Release|Any CPU.Build.0 = Release|Any CPU
		{036D2499-C6B3-4BF4-B78A-BFC14D3D1817}.Debug|Any CPU.ActiveCfg = Debug|Any CPU
		{036D2499-C6B3-4BF4-B78A-BFC14D3D1817}.Debug|Any CPU.Build.0 = Debug|Any CPU
		{036D2499-C6B3-4BF4-B78A-BFC14D3D1817}.Release|Any CPU.ActiveCfg = Release|Any CPU
		{036D2499-C6B3-4BF4-B78A-BFC14D3D1817}.Release|Any CPU.Build.0 = Release|Any CPU
		{E535F1D9-BC31-44D7-B474-38642AF9F25A}.Debug|Any CPU.ActiveCfg = Debug|Any CPU
		{E535F1D9-BC31-44D7-B474-38642AF9F25A}.Debug|Any CPU.Build.0 = Debug|Any CPU
		{E535F1D9-BC31-44D7-B474-38642AF9F25A}.Release|Any CPU.ActiveCfg = Release|Any CPU
		{E535F1D9-BC31-44D7-B474-38642AF9F25A}.Release|Any CPU.Build.0 = Release|Any CPU
		{C32ABB26-10BD-4176-BF39-DE7D0D8C6739}.Debug|Any CPU.ActiveCfg = Debug|Any CPU
		{C32ABB26-10BD-4176-BF39-DE7D0D8C6739}.Debug|Any CPU.Build.0 = Debug|Any CPU
		{C32ABB26-10BD-4176-BF39-DE7D0D8C6739}.Release|Any CPU.ActiveCfg = Release|Any CPU
		{C32ABB26-10BD-4176-BF39-DE7D0D8C6739}.Release|Any CPU.Build.0 = Release|Any CPU
	EndGlobalSection
	GlobalSection(SolutionProperties) = preSolution
		HideSolutionNode = FALSE
	EndGlobalSection
	GlobalSection(ExtensibilityGlobals) = postSolution
		SolutionGuid = {164EF789-C1A4-4758-8EA0-3214F581C921}
	EndGlobalSection
EndGlobal
