
Microsoft Visual Studio Solution File, Format Version 12.00
# Visual Studio Version 17
VisualStudioVersion = 17.0.32014.148
MinimumVisualStudioVersion = 10.0.40219.1
Project("{9A19103F-16F7-4668-BE54-9A1E7A4F7556}") = "DataStructures_ToReorder", "..\DataStructures_ToReorder.csproj", "{6EFCE935-9CCF-496E-8F46-29B926FD2204}"
EndProject
Global
	GlobalSection(SolutionConfigurationPlatforms) = preSolution
		Debug|Any CPU = Debug|Any CPU
		Release|Any CPU = Release|Any CPU
	EndGlobalSection
	GlobalSection(ProjectConfigurationPlatforms) = postSolution
		{6EFCE935-9CCF-496E-8F46-29B926FD2204}.Debug|Any CPU.ActiveCfg = Debug|Any CPU
		{6EFCE935-9CCF-496E-8F46-29B926FD2204}.Debug|Any CPU.Build.0 = Debug|Any CPU
		{6EFCE935-9CCF-496E-8F46-29B926FD2204}.Release|Any CPU.ActiveCfg = Release|Any CPU
		{6EFCE935-9CCF-496E-8F46-29B926FD2204}.Release|Any CPU.Build.0 = Release|Any CPU
	EndGlobalSection
	GlobalSection(SolutionProperties) = preSolution
		HideSolutionNode = FALSE
	EndGlobalSection
	GlobalSection(ExtensibilityGlobals) = postSolution
		SolutionGuid = {89079685-200F-4CE2-AA69-419093331DF2}
	EndGlobalSection
EndGlobal
