
Microsoft Visual Studio Solution File, Format Version 12.00
# Visual Studio Version 17
VisualStudioVersion = 17.0.32014.148
MinimumVisualStudioVersion = 10.0.40219.1
Project("{8BC9CEB8-8B4A-11D0-8D11-00A0C91BC942}") = "ProjectC", "ProjectC\ProjectC.vcxproj", "{55C66060-16F1-4AD1-8DEC-266DA958DB7F}"
EndProject
Project("{8BC9CEB8-8B4A-11D0-8D11-00A0C91BC942}") = "ConsoleAdv", "ConsoleAdv\ConsoleAdv.vcxproj", "{EAA1D2EB-A26C-4937-883C-511CC876E9AC}"
EndProject
Project("{8BC9CEB8-8B4A-11D0-8D11-00A0C91BC942}") = "ProjectAdv2", "ProjectAdv2\ProjectAdv2.vcxproj", "{32F03AAF-7E57-44F8-B042-EC07662C3649}"
EndProject
Project("{8BC9CEB8-8B4A-11D0-8D11-00A0C91BC942}") = "ProjectAdv3", "ProjectAdv3\ProjectAdv3.vcxproj", "{641D4E7C-A73F-4A0E-9F81-B1D368967AA6}"
EndProject
Project("{8BC9CEB8-8B4A-11D0-8D11-00A0C91BC942}") = "DependencyInjection", "DependencyInjection\DependencyInjection.vcxproj", "{37A02C31-1719-4802-BFBF-897C3BF7F482}"
EndProject
Project("{8BC9CEB8-8B4A-11D0-8D11-00A0C91BC942}") = "RestApiCppCPR", "RestApiCppCPR\RestApiCppCPR.vcxproj", "{68C6E176-EAE8-4773-9C6D-40FF9A8A6ED5}"
EndProject
Project("{9A19103F-16F7-4668-BE54-9A1E7A4F7556}") = "RestApiCSharp", "RestApiCSharp\RestApiCSharp.csproj", "{1C79E444-4D7B-4F31-BFFB-6339661DADA2}"
EndProject
Project("{8BC9CEB8-8B4A-11D0-8D11-00A0C91BC942}") = "RestApiCppRESTC", "RestApiCppRESTC\RestApiCppRESTC.vcxproj", "{AE49F20A-7632-42DF-AB24-54388375B2A1}"
EndProject
Project("{8BC9CEB8-8B4A-11D0-8D11-00A0C91BC942}") = "ConsoleMultiThreading", "ConsoleMultiThreading\ConsoleMultiThreading.vcxproj", "{858A1598-E7F7-4E8E-B112-2064008D83E9}"
EndProject
Project("{8BC9CEB8-8B4A-11D0-8D11-00A0C91BC942}") = "OpenGL", "OpenGL\OpenGL.vcxproj", "{75D41F05-FFD4-42F1-B202-B203A6DAF1F7}"
EndProject
Project("{8BC9CEB8-8B4A-11D0-8D11-00A0C91BC942}") = "ProjectCppCopy1", "ProjectCppCopy1\ProjectCppCopy1.vcxproj", "{ED2C9001-69E0-42D1-836D-FCB0BD0A00BB}"
EndProject
Project("{8BC9CEB8-8B4A-11D0-8D11-00A0C91BC942}") = "ArrayList", "ArrayList\ArrayList.vcxproj", "{F8FC5E41-132D-4781-82B4-D03C6406B035}"
EndProject
Global
	GlobalSection(SolutionConfigurationPlatforms) = preSolution
		Debug|Any CPU = Debug|Any CPU
		Debug|x64 = Debug|x64
		Debug|x86 = Debug|x86
		Release|Any CPU = Release|Any CPU
		Release|x64 = Release|x64
		Release|x86 = Release|x86
	EndGlobalSection
	GlobalSection(ProjectConfigurationPlatforms) = postSolution
		{55C66060-16F1-4AD1-8DEC-266DA958DB7F}.Debug|Any CPU.ActiveCfg = Debug|x64
		{55C66060-16F1-4AD1-8DEC-266DA958DB7F}.Debug|Any CPU.Build.0 = Debug|x64
		{55C66060-16F1-4AD1-8DEC-266DA958DB7F}.Debug|x64.ActiveCfg = Debug|x64
		{55C66060-16F1-4AD1-8DEC-266DA958DB7F}.Debug|x64.Build.0 = Debug|x64
		{55C66060-16F1-4AD1-8DEC-266DA958DB7F}.Debug|x86.ActiveCfg = Debug|Win32
		{55C66060-16F1-4AD1-8DEC-266DA958DB7F}.Debug|x86.Build.0 = Debug|Win32
		{55C66060-16F1-4AD1-8DEC-266DA958DB7F}.Release|Any CPU.ActiveCfg = Release|x64
		{55C66060-16F1-4AD1-8DEC-266DA958DB7F}.Release|Any CPU.Build.0 = Release|x64
		{55C66060-16F1-4AD1-8DEC-266DA958DB7F}.Release|x64.ActiveCfg = Release|x64
		{55C66060-16F1-4AD1-8DEC-266DA958DB7F}.Release|x64.Build.0 = Release|x64
		{55C66060-16F1-4AD1-8DEC-266DA958DB7F}.Release|x86.ActiveCfg = Release|Win32
		{55C66060-16F1-4AD1-8DEC-266DA958DB7F}.Release|x86.Build.0 = Release|Win32
		{EAA1D2EB-A26C-4937-883C-511CC876E9AC}.Debug|Any CPU.ActiveCfg = Debug|x64
		{EAA1D2EB-A26C-4937-883C-511CC876E9AC}.Debug|Any CPU.Build.0 = Debug|x64
		{EAA1D2EB-A26C-4937-883C-511CC876E9AC}.Debug|x64.ActiveCfg = Debug|x64
		{EAA1D2EB-A26C-4937-883C-511CC876E9AC}.Debug|x64.Build.0 = Debug|x64
		{EAA1D2EB-A26C-4937-883C-511CC876E9AC}.Debug|x86.ActiveCfg = Debug|Win32
		{EAA1D2EB-A26C-4937-883C-511CC876E9AC}.Debug|x86.Build.0 = Debug|Win32
		{EAA1D2EB-A26C-4937-883C-511CC876E9AC}.Release|Any CPU.ActiveCfg = Release|x64
		{EAA1D2EB-A26C-4937-883C-511CC876E9AC}.Release|Any CPU.Build.0 = Release|x64
		{EAA1D2EB-A26C-4937-883C-511CC876E9AC}.Release|x64.ActiveCfg = Release|x64
		{EAA1D2EB-A26C-4937-883C-511CC876E9AC}.Release|x64.Build.0 = Release|x64
		{EAA1D2EB-A26C-4937-883C-511CC876E9AC}.Release|x86.ActiveCfg = Release|Win32
		{EAA1D2EB-A26C-4937-883C-511CC876E9AC}.Release|x86.Build.0 = Release|Win32
		{32F03AAF-7E57-44F8-B042-EC07662C3649}.Debug|Any CPU.ActiveCfg = Debug|x64
		{32F03AAF-7E57-44F8-B042-EC07662C3649}.Debug|Any CPU.Build.0 = Debug|x64
		{32F03AAF-7E57-44F8-B042-EC07662C3649}.Debug|x64.ActiveCfg = Debug|x64
		{32F03AAF-7E57-44F8-B042-EC07662C3649}.Debug|x64.Build.0 = Debug|x64
		{32F03AAF-7E57-44F8-B042-EC07662C3649}.Debug|x86.ActiveCfg = Debug|Win32
		{32F03AAF-7E57-44F8-B042-EC07662C3649}.Debug|x86.Build.0 = Debug|Win32
		{32F03AAF-7E57-44F8-B042-EC07662C3649}.Release|Any CPU.ActiveCfg = Release|x64
		{32F03AAF-7E57-44F8-B042-EC07662C3649}.Release|Any CPU.Build.0 = Release|x64
		{32F03AAF-7E57-44F8-B042-EC07662C3649}.Release|x64.ActiveCfg = Release|x64
		{32F03AAF-7E57-44F8-B042-EC07662C3649}.Release|x64.Build.0 = Release|x64
		{32F03AAF-7E57-44F8-B042-EC07662C3649}.Release|x86.ActiveCfg = Release|Win32
		{32F03AAF-7E57-44F8-B042-EC07662C3649}.Release|x86.Build.0 = Release|Win32
		{641D4E7C-A73F-4A0E-9F81-B1D368967AA6}.Debug|Any CPU.ActiveCfg = Debug|x64
		{641D4E7C-A73F-4A0E-9F81-B1D368967AA6}.Debug|Any CPU.Build.0 = Debug|x64
		{641D4E7C-A73F-4A0E-9F81-B1D368967AA6}.Debug|x64.ActiveCfg = Debug|x64
		{641D4E7C-A73F-4A0E-9F81-B1D368967AA6}.Debug|x64.Build.0 = Debug|x64
		{641D4E7C-A73F-4A0E-9F81-B1D368967AA6}.Debug|x86.ActiveCfg = Debug|Win32
		{641D4E7C-A73F-4A0E-9F81-B1D368967AA6}.Debug|x86.Build.0 = Debug|Win32
		{641D4E7C-A73F-4A0E-9F81-B1D368967AA6}.Release|Any CPU.ActiveCfg = Release|x64
		{641D4E7C-A73F-4A0E-9F81-B1D368967AA6}.Release|Any CPU.Build.0 = Release|x64
		{641D4E7C-A73F-4A0E-9F81-B1D368967AA6}.Release|x64.ActiveCfg = Release|x64
		{641D4E7C-A73F-4A0E-9F81-B1D368967AA6}.Release|x64.Build.0 = Release|x64
		{641D4E7C-A73F-4A0E-9F81-B1D368967AA6}.Release|x86.ActiveCfg = Release|Win32
		{641D4E7C-A73F-4A0E-9F81-B1D368967AA6}.Release|x86.Build.0 = Release|Win32
		{37A02C31-1719-4802-BFBF-897C3BF7F482}.Debug|Any CPU.ActiveCfg = Debug|x64
		{37A02C31-1719-4802-BFBF-897C3BF7F482}.Debug|Any CPU.Build.0 = Debug|x64
		{37A02C31-1719-4802-BFBF-897C3BF7F482}.Debug|x64.ActiveCfg = Debug|x64
		{37A02C31-1719-4802-BFBF-897C3BF7F482}.Debug|x64.Build.0 = Debug|x64
		{37A02C31-1719-4802-BFBF-897C3BF7F482}.Debug|x86.ActiveCfg = Debug|Win32
		{37A02C31-1719-4802-BFBF-897C3BF7F482}.Debug|x86.Build.0 = Debug|Win32
		{37A02C31-1719-4802-BFBF-897C3BF7F482}.Release|Any CPU.ActiveCfg = Release|x64
		{37A02C31-1719-4802-BFBF-897C3BF7F482}.Release|Any CPU.Build.0 = Release|x64
		{37A02C31-1719-4802-BFBF-897C3BF7F482}.Release|x64.ActiveCfg = Release|x64
		{37A02C31-1719-4802-BFBF-897C3BF7F482}.Release|x64.Build.0 = Release|x64
		{37A02C31-1719-4802-BFBF-897C3BF7F482}.Release|x86.ActiveCfg = Release|Win32
		{37A02C31-1719-4802-BFBF-897C3BF7F482}.Release|x86.Build.0 = Release|Win32
		{68C6E176-EAE8-4773-9C6D-40FF9A8A6ED5}.Debug|Any CPU.ActiveCfg = Debug|x64
		{68C6E176-EAE8-4773-9C6D-40FF9A8A6ED5}.Debug|Any CPU.Build.0 = Debug|x64
		{68C6E176-EAE8-4773-9C6D-40FF9A8A6ED5}.Debug|x64.ActiveCfg = Debug|x64
		{68C6E176-EAE8-4773-9C6D-40FF9A8A6ED5}.Debug|x64.Build.0 = Debug|x64
		{68C6E176-EAE8-4773-9C6D-40FF9A8A6ED5}.Debug|x86.ActiveCfg = Debug|Win32
		{68C6E176-EAE8-4773-9C6D-40FF9A8A6ED5}.Debug|x86.Build.0 = Debug|Win32
		{68C6E176-EAE8-4773-9C6D-40FF9A8A6ED5}.Release|Any CPU.ActiveCfg = Release|x64
		{68C6E176-EAE8-4773-9C6D-40FF9A8A6ED5}.Release|Any CPU.Build.0 = Release|x64
		{68C6E176-EAE8-4773-9C6D-40FF9A8A6ED5}.Release|x64.ActiveCfg = Release|x64
		{68C6E176-EAE8-4773-9C6D-40FF9A8A6ED5}.Release|x64.Build.0 = Release|x64
		{68C6E176-EAE8-4773-9C6D-40FF9A8A6ED5}.Release|x86.ActiveCfg = Release|Win32
		{68C6E176-EAE8-4773-9C6D-40FF9A8A6ED5}.Release|x86.Build.0 = Release|Win32
		{1C79E444-4D7B-4F31-BFFB-6339661DADA2}.Debug|Any CPU.ActiveCfg = Debug|Any CPU
		{1C79E444-4D7B-4F31-BFFB-6339661DADA2}.Debug|Any CPU.Build.0 = Debug|Any CPU
		{1C79E444-4D7B-4F31-BFFB-6339661DADA2}.Debug|x64.ActiveCfg = Debug|Any CPU
		{1C79E444-4D7B-4F31-BFFB-6339661DADA2}.Debug|x64.Build.0 = Debug|Any CPU
		{1C79E444-4D7B-4F31-BFFB-6339661DADA2}.Debug|x86.ActiveCfg = Debug|Any CPU
		{1C79E444-4D7B-4F31-BFFB-6339661DADA2}.Debug|x86.Build.0 = Debug|Any CPU
		{1C79E444-4D7B-4F31-BFFB-6339661DADA2}.Release|Any CPU.ActiveCfg = Release|Any CPU
		{1C79E444-4D7B-4F31-BFFB-6339661DADA2}.Release|Any CPU.Build.0 = Release|Any CPU
		{1C79E444-4D7B-4F31-BFFB-6339661DADA2}.Release|x64.ActiveCfg = Release|Any CPU
		{1C79E444-4D7B-4F31-BFFB-6339661DADA2}.Release|x64.Build.0 = Release|Any CPU
		{1C79E444-4D7B-4F31-BFFB-6339661DADA2}.Release|x86.ActiveCfg = Release|Any CPU
		{1C79E444-4D7B-4F31-BFFB-6339661DADA2}.Release|x86.Build.0 = Release|Any CPU
		{AE49F20A-7632-42DF-AB24-54388375B2A1}.Debug|Any CPU.ActiveCfg = Debug|x64
		{AE49F20A-7632-42DF-AB24-54388375B2A1}.Debug|Any CPU.Build.0 = Debug|x64
		{AE49F20A-7632-42DF-AB24-54388375B2A1}.Debug|x64.ActiveCfg = Debug|x64
		{AE49F20A-7632-42DF-AB24-54388375B2A1}.Debug|x64.Build.0 = Debug|x64
		{AE49F20A-7632-42DF-AB24-54388375B2A1}.Debug|x86.ActiveCfg = Debug|Win32
		{AE49F20A-7632-42DF-AB24-54388375B2A1}.Debug|x86.Build.0 = Debug|Win32
		{AE49F20A-7632-42DF-AB24-54388375B2A1}.Release|Any CPU.ActiveCfg = Release|x64
		{AE49F20A-7632-42DF-AB24-54388375B2A1}.Release|Any CPU.Build.0 = Release|x64
		{AE49F20A-7632-42DF-AB24-54388375B2A1}.Release|x64.ActiveCfg = Release|x64
		{AE49F20A-7632-42DF-AB24-54388375B2A1}.Release|x64.Build.0 = Release|x64
		{AE49F20A-7632-42DF-AB24-54388375B2A1}.Release|x86.ActiveCfg = Release|Win32
		{AE49F20A-7632-42DF-AB24-54388375B2A1}.Release|x86.Build.0 = Release|Win32
		{858A1598-E7F7-4E8E-B112-2064008D83E9}.Debug|Any CPU.ActiveCfg = Debug|x64
		{858A1598-E7F7-4E8E-B112-2064008D83E9}.Debug|Any CPU.Build.0 = Debug|x64
		{858A1598-E7F7-4E8E-B112-2064008D83E9}.Debug|x64.ActiveCfg = Debug|x64
		{858A1598-E7F7-4E8E-B112-2064008D83E9}.Debug|x64.Build.0 = Debug|x64
		{858A1598-E7F7-4E8E-B112-2064008D83E9}.Debug|x86.ActiveCfg = Debug|Win32
		{858A1598-E7F7-4E8E-B112-2064008D83E9}.Debug|x86.Build.0 = Debug|Win32
		{858A1598-E7F7-4E8E-B112-2064008D83E9}.Release|Any CPU.ActiveCfg = Release|x64
		{858A1598-E7F7-4E8E-B112-2064008D83E9}.Release|Any CPU.Build.0 = Release|x64
		{858A1598-E7F7-4E8E-B112-2064008D83E9}.Release|x64.ActiveCfg = Release|x64
		{858A1598-E7F7-4E8E-B112-2064008D83E9}.Release|x64.Build.0 = Release|x64
		{858A1598-E7F7-4E8E-B112-2064008D83E9}.Release|x86.ActiveCfg = Release|Win32
		{858A1598-E7F7-4E8E-B112-2064008D83E9}.Release|x86.Build.0 = Release|Win32
		{75D41F05-FFD4-42F1-B202-B203A6DAF1F7}.Debug|Any CPU.ActiveCfg = Debug|x64
		{75D41F05-FFD4-42F1-B202-B203A6DAF1F7}.Debug|Any CPU.Build.0 = Debug|x64
		{75D41F05-FFD4-42F1-B202-B203A6DAF1F7}.Debug|x64.ActiveCfg = Debug|x64
		{75D41F05-FFD4-42F1-B202-B203A6DAF1F7}.Debug|x64.Build.0 = Debug|x64
		{75D41F05-FFD4-42F1-B202-B203A6DAF1F7}.Debug|x86.ActiveCfg = Debug|Win32
		{75D41F05-FFD4-42F1-B202-B203A6DAF1F7}.Debug|x86.Build.0 = Debug|Win32
		{75D41F05-FFD4-42F1-B202-B203A6DAF1F7}.Release|Any CPU.ActiveCfg = Release|x64
		{75D41F05-FFD4-42F1-B202-B203A6DAF1F7}.Release|Any CPU.Build.0 = Release|x64
		{75D41F05-FFD4-42F1-B202-B203A6DAF1F7}.Release|x64.ActiveCfg = Release|x64
		{75D41F05-FFD4-42F1-B202-B203A6DAF1F7}.Release|x64.Build.0 = Release|x64
		{75D41F05-FFD4-42F1-B202-B203A6DAF1F7}.Release|x86.ActiveCfg = Release|Win32
		{75D41F05-FFD4-42F1-B202-B203A6DAF1F7}.Release|x86.Build.0 = Release|Win32
		{ED2C9001-69E0-42D1-836D-FCB0BD0A00BB}.Debug|Any CPU.ActiveCfg = Debug|x64
		{ED2C9001-69E0-42D1-836D-FCB0BD0A00BB}.Debug|Any CPU.Build.0 = Debug|x64
		{ED2C9001-69E0-42D1-836D-FCB0BD0A00BB}.Debug|x64.ActiveCfg = Debug|x64
		{ED2C9001-69E0-42D1-836D-FCB0BD0A00BB}.Debug|x64.Build.0 = Debug|x64
		{ED2C9001-69E0-42D1-836D-FCB0BD0A00BB}.Debug|x86.ActiveCfg = Debug|Win32
		{ED2C9001-69E0-42D1-836D-FCB0BD0A00BB}.Debug|x86.Build.0 = Debug|Win32
		{ED2C9001-69E0-42D1-836D-FCB0BD0A00BB}.Release|Any CPU.ActiveCfg = Release|x64
		{ED2C9001-69E0-42D1-836D-FCB0BD0A00BB}.Release|Any CPU.Build.0 = Release|x64
		{ED2C9001-69E0-42D1-836D-FCB0BD0A00BB}.Release|x64.ActiveCfg = Release|x64
		{ED2C9001-69E0-42D1-836D-FCB0BD0A00BB}.Release|x64.Build.0 = Release|x64
		{ED2C9001-69E0-42D1-836D-FCB0BD0A00BB}.Release|x86.ActiveCfg = Release|Win32
		{ED2C9001-69E0-42D1-836D-FCB0BD0A00BB}.Release|x86.Build.0 = Release|Win32
		{F8FC5E41-132D-4781-82B4-D03C6406B035}.Debug|Any CPU.ActiveCfg = Debug|x64
		{F8FC5E41-132D-4781-82B4-D03C6406B035}.Debug|Any CPU.Build.0 = Debug|x64
		{F8FC5E41-132D-4781-82B4-D03C6406B035}.Debug|x64.ActiveCfg = Debug|x64
		{F8FC5E41-132D-4781-82B4-D03C6406B035}.Debug|x64.Build.0 = Debug|x64
		{F8FC5E41-132D-4781-82B4-D03C6406B035}.Debug|x86.ActiveCfg = Debug|Win32
		{F8FC5E41-132D-4781-82B4-D03C6406B035}.Debug|x86.Build.0 = Debug|Win32
		{F8FC5E41-132D-4781-82B4-D03C6406B035}.Release|Any CPU.ActiveCfg = Release|x64
		{F8FC5E41-132D-4781-82B4-D03C6406B035}.Release|Any CPU.Build.0 = Release|x64
		{F8FC5E41-132D-4781-82B4-D03C6406B035}.Release|x64.ActiveCfg = Release|x64
		{F8FC5E41-132D-4781-82B4-D03C6406B035}.Release|x64.Build.0 = Release|x64
		{F8FC5E41-132D-4781-82B4-D03C6406B035}.Release|x86.ActiveCfg = Release|Win32
		{F8FC5E41-132D-4781-82B4-D03C6406B035}.Release|x86.Build.0 = Release|Win32
	EndGlobalSection
	GlobalSection(SolutionProperties) = preSolution
		HideSolutionNode = FALSE
	EndGlobalSection
	GlobalSection(ExtensibilityGlobals) = postSolution
		SolutionGuid = {366B85DD-0763-4608-9D12-B29F91807381}
	EndGlobalSection
EndGlobal
