
Microsoft Visual Studio Solution File, Format Version 12.00
# Visual Studio Version 17
VisualStudioVersion = 17.2.32616.157
MinimumVisualStudioVersion = 10.0.40219.1
Project("{FAE04EC0-301F-11D3-BF4B-00C04F79EFBC}") = "Exercise_05.XML", "Exercise_05.XML\Exercise_05.XML.csproj", "{674EDA4C-78F8-46EE-A06C-97E655A26A0B}"
EndProject
Global
	GlobalSection(SolutionConfigurationPlatforms) = preSolution
		Debug|Any CPU = Debug|Any CPU
		Release|Any CPU = Release|Any CPU
	EndGlobalSection
	GlobalSection(ProjectConfigurationPlatforms) = postSolution
		{674EDA4C-78F8-46EE-A06C-97E655A26A0B}.Debug|Any CPU.ActiveCfg = Debug|Any CPU
		{674EDA4C-78F8-46EE-A06C-97E655A26A0B}.Debug|Any CPU.Build.0 = Debug|Any CPU
		{674EDA4C-78F8-46EE-A06C-97E655A26A0B}.Release|Any CPU.ActiveCfg = Release|Any CPU
		{674EDA4C-78F8-46EE-A06C-97E655A26A0B}.Release|Any CPU.Build.0 = Release|Any CPU
	EndGlobalSection
	GlobalSection(SolutionProperties) = preSolution
		HideSolutionNode = FALSE
	EndGlobalSection
	GlobalSection(ExtensibilityGlobals) = postSolution
		SolutionGuid = {049C7FFB-DAE3-44B6-8313-270738DF1C3F}
	EndGlobalSection
EndGlobal
