
Microsoft Visual Studio Solution File, Format Version 12.00
# Visual Studio Version 17
VisualStudioVersion = 17.0.32014.148
MinimumVisualStudioVersion = 10.0.40219.1
Project("{2150E333-8FDC-42A3-9474-1A3956D46DE8}") = "Introduction", "Introduction", "{547CA9EC-DDDD-4234-94D8-D0079C0A5CD9}"
EndProject
Project("{9A19103F-16F7-4668-BE54-9A1E7A4F7556}") = "ISP", "Introduction\ISP\ISP.csproj", "{5E842729-9255-42C7-A5A3-BDD5CC08A419}"
EndProject
Project("{9A19103F-16F7-4668-BE54-9A1E7A4F7556}") = "ISP-Refactored", "Introduction\ISP-Refactored\ISP-Refactored.csproj", "{8AF1566B-C6C6-409E-B312-3C1595D4F162}"
EndProject
Project("{9A19103F-16F7-4668-BE54-9A1E7A4F7556}") = "LSP", "Introduction\LSP\LSP.csproj", "{1E2807DC-281C-4294-A9A4-4AE26D6A47EA}"
EndProject
Project("{9A19103F-16F7-4668-BE54-9A1E7A4F7556}") = "SimpleDependencyInjection", "Introduction\SimpleDependencyInjection\SimpleDependencyInjection.csproj", "{E125C51E-1CC0-419E-9949-1F45B0762BEC}"
EndProject
Project("{9A19103F-16F7-4668-BE54-9A1E7A4F7556}") = "LSP-Refactored1", "Introduction\LSP-Refactored1\LSP-Refactored1.csproj", "{5D6A718A-BD7A-4D5D-A4E0-E7EFACDD2E68}"
EndProject
Project("{FAE04EC0-301F-11D3-BF4B-00C04F79EFBC}") = "LSP-Refactored2", "Introduction\LSP-Refactored2\LSP-Refactored2.csproj", "{644266BB-1578-4695-866F-4E132D38D876}"
EndProject
Project("{FAE04EC0-301F-11D3-BF4B-00C04F79EFBC}") = "SRP", "Introduction\SRP\SRP.csproj", "{A315A946-AC0C-47AA-BF55-9F7F0D6CD49C}"
EndProject
Project("{2150E333-8FDC-42A3-9474-1A3956D46DE8}") = "CreationalPatterns", "CreationalPatterns", "{BEF5CBE7-D0AF-42D4-80E3-B191FEB3B777}"
EndProject
Project("{FAE04EC0-301F-11D3-BF4B-00C04F79EFBC}") = "AbstractFactory.Sample1", "CreationalPatterns\AbstractFactory.Sample1\AbstractFactory.Sample1.csproj", "{405258DD-43EB-405A-9E5B-32276E63B6D5}"
EndProject
Project("{FAE04EC0-301F-11D3-BF4B-00C04F79EFBC}") = "AbstractFactory.Sample2", "CreationalPatterns\AbstractFactory.Sample2\AbstractFactory.Sample2.csproj", "{650EDBBE-41EB-4ED8-B5EB-7AE505FEC92D}"
EndProject
Project("{FAE04EC0-301F-11D3-BF4B-00C04F79EFBC}") = "Builder.Sample1", "CreationalPatterns\Builder.Sample1\Builder.Sample1.csproj", "{666C072C-5599-49B6-95EA-545B424A948F}"
EndProject
Project("{FAE04EC0-301F-11D3-BF4B-00C04F79EFBC}") = "Builder.Sample2", "CreationalPatterns\Builder.Sample2\Builder.Sample2.csproj", "{8ACF2F16-5152-4EC1-9E9E-B6010C1A9C32}"
EndProject
Project("{FAE04EC0-301F-11D3-BF4B-00C04F79EFBC}") = "FactoryMethod.Sample1", "CreationalPatterns\FactoryMethod.Sample1\FactoryMethod.Sample1.csproj", "{13BAD390-6EF9-47C6-B2E4-4747BEC1D807}"
EndProject
Project("{FAE04EC0-301F-11D3-BF4B-00C04F79EFBC}") = "Prototype.Sample1", "CreationalPatterns\Prototype.Sample1\Prototype.Sample1.csproj", "{6FAC4B65-6C13-4D57-BD25-5428D674C990}"
EndProject
Project("{FAE04EC0-301F-11D3-BF4B-00C04F79EFBC}") = "Singleton.Sample1", "CreationalPatterns\Singleton.Sample1\Singleton.Sample1.csproj", "{D2C77B36-0021-4A45-84E7-6C7D3741E8DC}"
EndProject
Project("{2150E333-8FDC-42A3-9474-1A3956D46DE8}") = "StructuralPatterns", "StructuralPatterns", "{F6EAAC5E-2534-4DF2-89F5-E9C36F93D6F8}"
EndProject
Project("{FAE04EC0-301F-11D3-BF4B-00C04F79EFBC}") = "Bridge.Sample1", "StructuralPatterns\Bridge.Sample1\Bridge.Sample1.csproj", "{5B424E34-90F3-455D-AB95-F2EEE4CE6857}"
EndProject
Project("{9A19103F-16F7-4668-BE54-9A1E7A4F7556}") = "Adapter.Sample1", "StructuralPatterns\Adapter.Sample1\Adapter.Sample1.csproj", "{BEDA1E64-D109-472E-ACE8-35AACF6E8CCC}"
EndProject
Project("{FAE04EC0-301F-11D3-BF4B-00C04F79EFBC}") = "Composite.Sample1", "StructuralPatterns\Composite.Sample1\Composite.Sample1.csproj", "{6E19C5BE-B33D-411D-ADC2-52417F35675C}"
EndProject
Project("{9A19103F-16F7-4668-BE54-9A1E7A4F7556}") = "Decorator.Sample1", "StructuralPatterns\Decorator.Sample1\Decorator.Sample1.csproj", "{0A4A0028-4100-4BA8-83CE-1A40E35206F1}"
EndProject
Project("{FAE04EC0-301F-11D3-BF4B-00C04F79EFBC}") = "Facade.Sample1", "StructuralPatterns\Facade.Sample1\Facade.Sample1.csproj", "{DAE07D91-1042-4245-BBD1-DA94BC0FF652}"
EndProject
Project("{FAE04EC0-301F-11D3-BF4B-00C04F79EFBC}") = "Flyweight.Sample1", "StructuralPatterns\Flyweight.Sample1\Flyweight.Sample1.csproj", "{08ED43A4-EDC9-4C6E-8A68-50DE806EF034}"
EndProject
Project("{FAE04EC0-301F-11D3-BF4B-00C04F79EFBC}") = "Proxy.Sample1", "StructuralPatterns\Proxy.Sample1\Proxy.Sample1.csproj", "{C8F15A69-996F-459B-B8C6-C58E3057218E}"
EndProject
Project("{2150E333-8FDC-42A3-9474-1A3956D46DE8}") = "BehavioralPatterns", "BehavioralPatterns", "{02D39FB2-E0A8-49E7-8864-538734E51499}"
EndProject
Project("{FAE04EC0-301F-11D3-BF4B-00C04F79EFBC}") = "Chain.Sample1", "BehavioralPatterns\Chain.Sample1\Chain.Sample1.csproj", "{F20E1F4C-E485-4745-9C8A-98D18F2C33FC}"
EndProject
Project("{FAE04EC0-301F-11D3-BF4B-00C04F79EFBC}") = "Command.Sample1", "BehavioralPatterns\Command.Sample1\Command.Sample1.csproj", "{E5CFF852-8CBB-4908-B110-87983E189A17}"
EndProject
Project("{FAE04EC0-301F-11D3-BF4B-00C04F79EFBC}") = "Interpreter.Sample1", "BehavioralPatterns\Interpreter.Sample1\Interpreter.Sample1.csproj", "{19A5D54B-1C5C-42F3-9967-F1434F4A3F62}"
EndProject
Project("{FAE04EC0-301F-11D3-BF4B-00C04F79EFBC}") = "Iterator.Sample1", "BehavioralPatterns\Iterator.Sample1\Iterator.Sample1.csproj", "{96E7DF6E-2952-48B1-9A41-444E047122FF}"
EndProject
Project("{FAE04EC0-301F-11D3-BF4B-00C04F79EFBC}") = "Iterator.Sample2", "BehavioralPatterns\Iterator.Sample2\Iterator.Sample2.csproj", "{9AA34B18-3ED5-4790-8332-D4680197508C}"
EndProject
Project("{FAE04EC0-301F-11D3-BF4B-00C04F79EFBC}") = "Mediator.Sample1", "BehavioralPatterns\Mediator.Sample1\Mediator.Sample1.csproj", "{6E2AC1D7-31EC-4A5F-B70B-89F5C2598F02}"
EndProject
Project("{FAE04EC0-301F-11D3-BF4B-00C04F79EFBC}") = "Memento.Sample1", "BehavioralPatterns\Memento.Sample1\Memento.Sample1.csproj", "{ACEC29D8-096D-4C85-BA76-8D6909A4029B}"
EndProject
Project("{FAE04EC0-301F-11D3-BF4B-00C04F79EFBC}") = "Observer.Sample1", "BehavioralPatterns\Observer.Sample1\Observer.Sample1.csproj", "{8DD5D2EC-4107-4495-8689-7D490CA687C3}"
EndProject
Project("{FAE04EC0-301F-11D3-BF4B-00C04F79EFBC}") = "State.Sample1", "BehavioralPatterns\State.Sample1\State.Sample1.csproj", "{9A36B16B-DF12-4E39-B7B5-CBD16BF97668}"
EndProject
Project("{FAE04EC0-301F-11D3-BF4B-00C04F79EFBC}") = "Strategy.Sample1", "BehavioralPatterns\Strategy.Sample1\Strategy.Sample1.csproj", "{199D6BE4-973D-4E05-9A15-E863309C23C0}"
EndProject
Project("{FAE04EC0-301F-11D3-BF4B-00C04F79EFBC}") = "TemplateMethod.Sample1", "BehavioralPatterns\TemplateMethod.Sample1\TemplateMethod.Sample1.csproj", "{BE2F1BC1-420D-48FD-B4C9-B0B92E0E440B}"
EndProject
Project("{FAE04EC0-301F-11D3-BF4B-00C04F79EFBC}") = "Visitor", "BehavioralPatterns\Visitor\Visitor.csproj", "{6063D871-D9C1-45D9-B90E-F2614E6E1400}"
EndProject
Global
	GlobalSection(SolutionConfigurationPlatforms) = preSolution
		Debug|Any CPU = Debug|Any CPU
		Debug|x86 = Debug|x86
		Release|Any CPU = Release|Any CPU
		Release|x86 = Release|x86
	EndGlobalSection
	GlobalSection(ProjectConfigurationPlatforms) = postSolution
		{5E842729-9255-42C7-A5A3-BDD5CC08A419}.Debug|Any CPU.ActiveCfg = Debug|Any CPU
		{5E842729-9255-42C7-A5A3-BDD5CC08A419}.Debug|Any CPU.Build.0 = Debug|Any CPU
		{5E842729-9255-42C7-A5A3-BDD5CC08A419}.Debug|x86.ActiveCfg = Debug|Any CPU
		{5E842729-9255-42C7-A5A3-BDD5CC08A419}.Debug|x86.Build.0 = Debug|Any CPU
		{5E842729-9255-42C7-A5A3-BDD5CC08A419}.Release|Any CPU.ActiveCfg = Release|Any CPU
		{5E842729-9255-42C7-A5A3-BDD5CC08A419}.Release|Any CPU.Build.0 = Release|Any CPU
		{5E842729-9255-42C7-A5A3-BDD5CC08A419}.Release|x86.ActiveCfg = Release|Any CPU
		{5E842729-9255-42C7-A5A3-BDD5CC08A419}.Release|x86.Build.0 = Release|Any CPU
		{8AF1566B-C6C6-409E-B312-3C1595D4F162}.Debug|Any CPU.ActiveCfg = Debug|Any CPU
		{8AF1566B-C6C6-409E-B312-3C1595D4F162}.Debug|Any CPU.Build.0 = Debug|Any CPU
		{8AF1566B-C6C6-409E-B312-3C1595D4F162}.Debug|x86.ActiveCfg = Debug|Any CPU
		{8AF1566B-C6C6-409E-B312-3C1595D4F162}.Debug|x86.Build.0 = Debug|Any CPU
		{8AF1566B-C6C6-409E-B312-3C1595D4F162}.Release|Any CPU.ActiveCfg = Release|Any CPU
		{8AF1566B-C6C6-409E-B312-3C1595D4F162}.Release|Any CPU.Build.0 = Release|Any CPU
		{8AF1566B-C6C6-409E-B312-3C1595D4F162}.Release|x86.ActiveCfg = Release|Any CPU
		{8AF1566B-C6C6-409E-B312-3C1595D4F162}.Release|x86.Build.0 = Release|Any CPU
		{1E2807DC-281C-4294-A9A4-4AE26D6A47EA}.Debug|Any CPU.ActiveCfg = Debug|Any CPU
		{1E2807DC-281C-4294-A9A4-4AE26D6A47EA}.Debug|Any CPU.Build.0 = Debug|Any CPU
		{1E2807DC-281C-4294-A9A4-4AE26D6A47EA}.Debug|x86.ActiveCfg = Debug|Any CPU
		{1E2807DC-281C-4294-A9A4-4AE26D6A47EA}.Debug|x86.Build.0 = Debug|Any CPU
		{1E2807DC-281C-4294-A9A4-4AE26D6A47EA}.Release|Any CPU.ActiveCfg = Release|Any CPU
		{1E2807DC-281C-4294-A9A4-4AE26D6A47EA}.Release|Any CPU.Build.0 = Release|Any CPU
		{1E2807DC-281C-4294-A9A4-4AE26D6A47EA}.Release|x86.ActiveCfg = Release|Any CPU
		{1E2807DC-281C-4294-A9A4-4AE26D6A47EA}.Release|x86.Build.0 = Release|Any CPU
		{E125C51E-1CC0-419E-9949-1F45B0762BEC}.Debug|Any CPU.ActiveCfg = Debug|Any CPU
		{E125C51E-1CC0-419E-9949-1F45B0762BEC}.Debug|Any CPU.Build.0 = Debug|Any CPU
		{E125C51E-1CC0-419E-9949-1F45B0762BEC}.Debug|x86.ActiveCfg = Debug|Any CPU
		{E125C51E-1CC0-419E-9949-1F45B0762BEC}.Debug|x86.Build.0 = Debug|Any CPU
		{E125C51E-1CC0-419E-9949-1F45B0762BEC}.Release|Any CPU.ActiveCfg = Release|Any CPU
		{E125C51E-1CC0-419E-9949-1F45B0762BEC}.Release|Any CPU.Build.0 = Release|Any CPU
		{E125C51E-1CC0-419E-9949-1F45B0762BEC}.Release|x86.ActiveCfg = Release|Any CPU
		{E125C51E-1CC0-419E-9949-1F45B0762BEC}.Release|x86.Build.0 = Release|Any CPU
		{5D6A718A-BD7A-4D5D-A4E0-E7EFACDD2E68}.Debug|Any CPU.ActiveCfg = Debug|Any CPU
		{5D6A718A-BD7A-4D5D-A4E0-E7EFACDD2E68}.Debug|Any CPU.Build.0 = Debug|Any CPU
		{5D6A718A-BD7A-4D5D-A4E0-E7EFACDD2E68}.Debug|x86.ActiveCfg = Debug|Any CPU
		{5D6A718A-BD7A-4D5D-A4E0-E7EFACDD2E68}.Debug|x86.Build.0 = Debug|Any CPU
		{5D6A718A-BD7A-4D5D-A4E0-E7EFACDD2E68}.Release|Any CPU.ActiveCfg = Release|Any CPU
		{5D6A718A-BD7A-4D5D-A4E0-E7EFACDD2E68}.Release|Any CPU.Build.0 = Release|Any CPU
		{5D6A718A-BD7A-4D5D-A4E0-E7EFACDD2E68}.Release|x86.ActiveCfg = Release|Any CPU
		{5D6A718A-BD7A-4D5D-A4E0-E7EFACDD2E68}.Release|x86.Build.0 = Release|Any CPU
		{644266BB-1578-4695-866F-4E132D38D876}.Debug|Any CPU.ActiveCfg = Debug|Any CPU
		{644266BB-1578-4695-866F-4E132D38D876}.Debug|Any CPU.Build.0 = Debug|Any CPU
		{644266BB-1578-4695-866F-4E132D38D876}.Debug|x86.ActiveCfg = Debug|Any CPU
		{644266BB-1578-4695-866F-4E132D38D876}.Debug|x86.Build.0 = Debug|Any CPU
		{644266BB-1578-4695-866F-4E132D38D876}.Release|Any CPU.ActiveCfg = Release|Any CPU
		{644266BB-1578-4695-866F-4E132D38D876}.Release|Any CPU.Build.0 = Release|Any CPU
		{644266BB-1578-4695-866F-4E132D38D876}.Release|x86.ActiveCfg = Release|Any CPU
		{644266BB-1578-4695-866F-4E132D38D876}.Release|x86.Build.0 = Release|Any CPU
		{A315A946-AC0C-47AA-BF55-9F7F0D6CD49C}.Debug|Any CPU.ActiveCfg = Debug|Any CPU
		{A315A946-AC0C-47AA-BF55-9F7F0D6CD49C}.Debug|Any CPU.Build.0 = Debug|Any CPU
		{A315A946-AC0C-47AA-BF55-9F7F0D6CD49C}.Debug|x86.ActiveCfg = Debug|Any CPU
		{A315A946-AC0C-47AA-BF55-9F7F0D6CD49C}.Debug|x86.Build.0 = Debug|Any CPU
		{A315A946-AC0C-47AA-BF55-9F7F0D6CD49C}.Release|Any CPU.ActiveCfg = Release|Any CPU
		{A315A946-AC0C-47AA-BF55-9F7F0D6CD49C}.Release|Any CPU.Build.0 = Release|Any CPU
		{A315A946-AC0C-47AA-BF55-9F7F0D6CD49C}.Release|x86.ActiveCfg = Release|Any CPU
		{A315A946-AC0C-47AA-BF55-9F7F0D6CD49C}.Release|x86.Build.0 = Release|Any CPU
		{405258DD-43EB-405A-9E5B-32276E63B6D5}.Debug|Any CPU.ActiveCfg = Debug|Any CPU
		{405258DD-43EB-405A-9E5B-32276E63B6D5}.Debug|Any CPU.Build.0 = Debug|Any CPU
		{405258DD-43EB-405A-9E5B-32276E63B6D5}.Debug|x86.ActiveCfg = Debug|Any CPU
		{405258DD-43EB-405A-9E5B-32276E63B6D5}.Debug|x86.Build.0 = Debug|Any CPU
		{405258DD-43EB-405A-9E5B-32276E63B6D5}.Release|Any CPU.ActiveCfg = Release|Any CPU
		{405258DD-43EB-405A-9E5B-32276E63B6D5}.Release|Any CPU.Build.0 = Release|Any CPU
		{405258DD-43EB-405A-9E5B-32276E63B6D5}.Release|x86.ActiveCfg = Release|Any CPU
		{405258DD-43EB-405A-9E5B-32276E63B6D5}.Release|x86.Build.0 = Release|Any CPU
		{650EDBBE-41EB-4ED8-B5EB-7AE505FEC92D}.Debug|Any CPU.ActiveCfg = Debug|Any CPU
		{650EDBBE-41EB-4ED8-B5EB-7AE505FEC92D}.Debug|Any CPU.Build.0 = Debug|Any CPU
		{650EDBBE-41EB-4ED8-B5EB-7AE505FEC92D}.Debug|x86.ActiveCfg = Debug|Any CPU
		{650EDBBE-41EB-4ED8-B5EB-7AE505FEC92D}.Debug|x86.Build.0 = Debug|Any CPU
		{650EDBBE-41EB-4ED8-B5EB-7AE505FEC92D}.Release|Any CPU.ActiveCfg = Release|Any CPU
		{650EDBBE-41EB-4ED8-B5EB-7AE505FEC92D}.Release|Any CPU.Build.0 = Release|Any CPU
		{650EDBBE-41EB-4ED8-B5EB-7AE505FEC92D}.Release|x86.ActiveCfg = Release|Any CPU
		{650EDBBE-41EB-4ED8-B5EB-7AE505FEC92D}.Release|x86.Build.0 = Release|Any CPU
		{666C072C-5599-49B6-95EA-545B424A948F}.Debug|Any CPU.ActiveCfg = Debug|Any CPU
		{666C072C-5599-49B6-95EA-545B424A948F}.Debug|Any CPU.Build.0 = Debug|Any CPU
		{666C072C-5599-49B6-95EA-545B424A948F}.Debug|x86.ActiveCfg = Debug|Any CPU
		{666C072C-5599-49B6-95EA-545B424A948F}.Debug|x86.Build.0 = Debug|Any CPU
		{666C072C-5599-49B6-95EA-545B424A948F}.Release|Any CPU.ActiveCfg = Release|Any CPU
		{666C072C-5599-49B6-95EA-545B424A948F}.Release|Any CPU.Build.0 = Release|Any CPU
		{666C072C-5599-49B6-95EA-545B424A948F}.Release|x86.ActiveCfg = Release|Any CPU
		{666C072C-5599-49B6-95EA-545B424A948F}.Release|x86.Build.0 = Release|Any CPU
		{8ACF2F16-5152-4EC1-9E9E-B6010C1A9C32}.Debug|Any CPU.ActiveCfg = Debug|Any CPU
		{8ACF2F16-5152-4EC1-9E9E-B6010C1A9C32}.Debug|Any CPU.Build.0 = Debug|Any CPU
		{8ACF2F16-5152-4EC1-9E9E-B6010C1A9C32}.Debug|x86.ActiveCfg = Debug|Any CPU
		{8ACF2F16-5152-4EC1-9E9E-B6010C1A9C32}.Debug|x86.Build.0 = Debug|Any CPU
		{8ACF2F16-5152-4EC1-9E9E-B6010C1A9C32}.Release|Any CPU.ActiveCfg = Release|Any CPU
		{8ACF2F16-5152-4EC1-9E9E-B6010C1A9C32}.Release|Any CPU.Build.0 = Release|Any CPU
		{8ACF2F16-5152-4EC1-9E9E-B6010C1A9C32}.Release|x86.ActiveCfg = Release|Any CPU
		{8ACF2F16-5152-4EC1-9E9E-B6010C1A9C32}.Release|x86.Build.0 = Release|Any CPU
		{13BAD390-6EF9-47C6-B2E4-4747BEC1D807}.Debug|Any CPU.ActiveCfg = Debug|Any CPU
		{13BAD390-6EF9-47C6-B2E4-4747BEC1D807}.Debug|Any CPU.Build.0 = Debug|Any CPU
		{13BAD390-6EF9-47C6-B2E4-4747BEC1D807}.Debug|x86.ActiveCfg = Debug|Any CPU
		{13BAD390-6EF9-47C6-B2E4-4747BEC1D807}.Debug|x86.Build.0 = Debug|Any CPU
		{13BAD390-6EF9-47C6-B2E4-4747BEC1D807}.Release|Any CPU.ActiveCfg = Release|Any CPU
		{13BAD390-6EF9-47C6-B2E4-4747BEC1D807}.Release|Any CPU.Build.0 = Release|Any CPU
		{13BAD390-6EF9-47C6-B2E4-4747BEC1D807}.Release|x86.ActiveCfg = Release|Any CPU
		{13BAD390-6EF9-47C6-B2E4-4747BEC1D807}.Release|x86.Build.0 = Release|Any CPU
		{6FAC4B65-6C13-4D57-BD25-5428D674C990}.Debug|Any CPU.ActiveCfg = Debug|Any CPU
		{6FAC4B65-6C13-4D57-BD25-5428D674C990}.Debug|Any CPU.Build.0 = Debug|Any CPU
		{6FAC4B65-6C13-4D57-BD25-5428D674C990}.Debug|x86.ActiveCfg = Debug|Any CPU
		{6FAC4B65-6C13-4D57-BD25-5428D674C990}.Debug|x86.Build.0 = Debug|Any CPU
		{6FAC4B65-6C13-4D57-BD25-5428D674C990}.Release|Any CPU.ActiveCfg = Release|Any CPU
		{6FAC4B65-6C13-4D57-BD25-5428D674C990}.Release|Any CPU.Build.0 = Release|Any CPU
		{6FAC4B65-6C13-4D57-BD25-5428D674C990}.Release|x86.ActiveCfg = Release|Any CPU
		{6FAC4B65-6C13-4D57-BD25-5428D674C990}.Release|x86.Build.0 = Release|Any CPU
		{D2C77B36-0021-4A45-84E7-6C7D3741E8DC}.Debug|Any CPU.ActiveCfg = Debug|Any CPU
		{D2C77B36-0021-4A45-84E7-6C7D3741E8DC}.Debug|Any CPU.Build.0 = Debug|Any CPU
		{D2C77B36-0021-4A45-84E7-6C7D3741E8DC}.Debug|x86.ActiveCfg = Debug|Any CPU
		{D2C77B36-0021-4A45-84E7-6C7D3741E8DC}.Debug|x86.Build.0 = Debug|Any CPU
		{D2C77B36-0021-4A45-84E7-6C7D3741E8DC}.Release|Any CPU.ActiveCfg = Release|Any CPU
		{D2C77B36-0021-4A45-84E7-6C7D3741E8DC}.Release|Any CPU.Build.0 = Release|Any CPU
		{D2C77B36-0021-4A45-84E7-6C7D3741E8DC}.Release|x86.ActiveCfg = Release|Any CPU
		{D2C77B36-0021-4A45-84E7-6C7D3741E8DC}.Release|x86.Build.0 = Release|Any CPU
		{5B424E34-90F3-455D-AB95-F2EEE4CE6857}.Debug|Any CPU.ActiveCfg = Debug|Any CPU
		{5B424E34-90F3-455D-AB95-F2EEE4CE6857}.Debug|Any CPU.Build.0 = Debug|Any CPU
		{5B424E34-90F3-455D-AB95-F2EEE4CE6857}.Debug|x86.ActiveCfg = Debug|Any CPU
		{5B424E34-90F3-455D-AB95-F2EEE4CE6857}.Debug|x86.Build.0 = Debug|Any CPU
		{5B424E34-90F3-455D-AB95-F2EEE4CE6857}.Release|Any CPU.ActiveCfg = Release|Any CPU
		{5B424E34-90F3-455D-AB95-F2EEE4CE6857}.Release|Any CPU.Build.0 = Release|Any CPU
		{5B424E34-90F3-455D-AB95-F2EEE4CE6857}.Release|x86.ActiveCfg = Release|Any CPU
		{5B424E34-90F3-455D-AB95-F2EEE4CE6857}.Release|x86.Build.0 = Release|Any CPU
		{BEDA1E64-D109-472E-ACE8-35AACF6E8CCC}.Debug|Any CPU.ActiveCfg = Debug|Any CPU
		{BEDA1E64-D109-472E-ACE8-35AACF6E8CCC}.Debug|Any CPU.Build.0 = Debug|Any CPU
		{BEDA1E64-D109-472E-ACE8-35AACF6E8CCC}.Debug|x86.ActiveCfg = Debug|Any CPU
		{BEDA1E64-D109-472E-ACE8-35AACF6E8CCC}.Debug|x86.Build.0 = Debug|Any CPU
		{BEDA1E64-D109-472E-ACE8-35AACF6E8CCC}.Release|Any CPU.ActiveCfg = Release|Any CPU
		{BEDA1E64-D109-472E-ACE8-35AACF6E8CCC}.Release|Any CPU.Build.0 = Release|Any CPU
		{BEDA1E64-D109-472E-ACE8-35AACF6E8CCC}.Release|x86.ActiveCfg = Release|Any CPU
		{BEDA1E64-D109-472E-ACE8-35AACF6E8CCC}.Release|x86.Build.0 = Release|Any CPU
		{6E19C5BE-B33D-411D-ADC2-52417F35675C}.Debug|Any CPU.ActiveCfg = Debug|Any CPU
		{6E19C5BE-B33D-411D-ADC2-52417F35675C}.Debug|Any CPU.Build.0 = Debug|Any CPU
		{6E19C5BE-B33D-411D-ADC2-52417F35675C}.Debug|x86.ActiveCfg = Debug|Any CPU
		{6E19C5BE-B33D-411D-ADC2-52417F35675C}.Debug|x86.Build.0 = Debug|Any CPU
		{6E19C5BE-B33D-411D-ADC2-52417F35675C}.Release|Any CPU.ActiveCfg = Release|Any CPU
		{6E19C5BE-B33D-411D-ADC2-52417F35675C}.Release|Any CPU.Build.0 = Release|Any CPU
		{6E19C5BE-B33D-411D-ADC2-52417F35675C}.Release|x86.ActiveCfg = Release|Any CPU
		{6E19C5BE-B33D-411D-ADC2-52417F35675C}.Release|x86.Build.0 = Release|Any CPU
		{0A4A0028-4100-4BA8-83CE-1A40E35206F1}.Debug|Any CPU.ActiveCfg = Debug|Any CPU
		{0A4A0028-4100-4BA8-83CE-1A40E35206F1}.Debug|Any CPU.Build.0 = Debug|Any CPU
		{0A4A0028-4100-4BA8-83CE-1A40E35206F1}.Debug|x86.ActiveCfg = Debug|Any CPU
		{0A4A0028-4100-4BA8-83CE-1A40E35206F1}.Debug|x86.Build.0 = Debug|Any CPU
		{0A4A0028-4100-4BA8-83CE-1A40E35206F1}.Release|Any CPU.ActiveCfg = Release|Any CPU
		{0A4A0028-4100-4BA8-83CE-1A40E35206F1}.Release|Any CPU.Build.0 = Release|Any CPU
		{0A4A0028-4100-4BA8-83CE-1A40E35206F1}.Release|x86.ActiveCfg = Release|Any CPU
		{0A4A0028-4100-4BA8-83CE-1A40E35206F1}.Release|x86.Build.0 = Release|Any CPU
		{DAE07D91-1042-4245-BBD1-DA94BC0FF652}.Debug|Any CPU.ActiveCfg = Debug|Any CPU
		{DAE07D91-1042-4245-BBD1-DA94BC0FF652}.Debug|Any CPU.Build.0 = Debug|Any CPU
		{DAE07D91-1042-4245-BBD1-DA94BC0FF652}.Debug|x86.ActiveCfg = Debug|Any CPU
		{DAE07D91-1042-4245-BBD1-DA94BC0FF652}.Debug|x86.Build.0 = Debug|Any CPU
		{DAE07D91-1042-4245-BBD1-DA94BC0FF652}.Release|Any CPU.ActiveCfg = Release|Any CPU
		{DAE07D91-1042-4245-BBD1-DA94BC0FF652}.Release|Any CPU.Build.0 = Release|Any CPU
		{DAE07D91-1042-4245-BBD1-DA94BC0FF652}.Release|x86.ActiveCfg = Release|Any CPU
		{DAE07D91-1042-4245-BBD1-DA94BC0FF652}.Release|x86.Build.0 = Release|Any CPU
		{08ED43A4-EDC9-4C6E-8A68-50DE806EF034}.Debug|Any CPU.ActiveCfg = Debug|Any CPU
		{08ED43A4-EDC9-4C6E-8A68-50DE806EF034}.Debug|Any CPU.Build.0 = Debug|Any CPU
		{08ED43A4-EDC9-4C6E-8A68-50DE806EF034}.Debug|x86.ActiveCfg = Debug|Any CPU
		{08ED43A4-EDC9-4C6E-8A68-50DE806EF034}.Debug|x86.Build.0 = Debug|Any CPU
		{08ED43A4-EDC9-4C6E-8A68-50DE806EF034}.Release|Any CPU.ActiveCfg = Release|Any CPU
		{08ED43A4-EDC9-4C6E-8A68-50DE806EF034}.Release|Any CPU.Build.0 = Release|Any CPU
		{08ED43A4-EDC9-4C6E-8A68-50DE806EF034}.Release|x86.ActiveCfg = Release|Any CPU
		{08ED43A4-EDC9-4C6E-8A68-50DE806EF034}.Release|x86.Build.0 = Release|Any CPU
		{C8F15A69-996F-459B-B8C6-C58E3057218E}.Debug|Any CPU.ActiveCfg = Debug|Any CPU
		{C8F15A69-996F-459B-B8C6-C58E3057218E}.Debug|Any CPU.Build.0 = Debug|Any CPU
		{C8F15A69-996F-459B-B8C6-C58E3057218E}.Debug|x86.ActiveCfg = Debug|Any CPU
		{C8F15A69-996F-459B-B8C6-C58E3057218E}.Debug|x86.Build.0 = Debug|Any CPU
		{C8F15A69-996F-459B-B8C6-C58E3057218E}.Release|Any CPU.ActiveCfg = Release|Any CPU
		{C8F15A69-996F-459B-B8C6-C58E3057218E}.Release|Any CPU.Build.0 = Release|Any CPU
		{C8F15A69-996F-459B-B8C6-C58E3057218E}.Release|x86.ActiveCfg = Release|Any CPU
		{C8F15A69-996F-459B-B8C6-C58E3057218E}.Release|x86.Build.0 = Release|Any CPU
		{F20E1F4C-E485-4745-9C8A-98D18F2C33FC}.Debug|Any CPU.ActiveCfg = Debug|Any CPU
		{F20E1F4C-E485-4745-9C8A-98D18F2C33FC}.Debug|Any CPU.Build.0 = Debug|Any CPU
		{F20E1F4C-E485-4745-9C8A-98D18F2C33FC}.Debug|x86.ActiveCfg = Debug|Any CPU
		{F20E1F4C-E485-4745-9C8A-98D18F2C33FC}.Debug|x86.Build.0 = Debug|Any CPU
		{F20E1F4C-E485-4745-9C8A-98D18F2C33FC}.Release|Any CPU.ActiveCfg = Release|Any CPU
		{F20E1F4C-E485-4745-9C8A-98D18F2C33FC}.Release|Any CPU.Build.0 = Release|Any CPU
		{F20E1F4C-E485-4745-9C8A-98D18F2C33FC}.Release|x86.ActiveCfg = Release|Any CPU
		{F20E1F4C-E485-4745-9C8A-98D18F2C33FC}.Release|x86.Build.0 = Release|Any CPU
		{E5CFF852-8CBB-4908-B110-87983E189A17}.Debug|Any CPU.ActiveCfg = Debug|Any CPU
		{E5CFF852-8CBB-4908-B110-87983E189A17}.Debug|Any CPU.Build.0 = Debug|Any CPU
		{E5CFF852-8CBB-4908-B110-87983E189A17}.Debug|x86.ActiveCfg = Debug|Any CPU
		{E5CFF852-8CBB-4908-B110-87983E189A17}.Debug|x86.Build.0 = Debug|Any CPU
		{E5CFF852-8CBB-4908-B110-87983E189A17}.Release|Any CPU.ActiveCfg = Release|Any CPU
		{E5CFF852-8CBB-4908-B110-87983E189A17}.Release|Any CPU.Build.0 = Release|Any CPU
		{E5CFF852-8CBB-4908-B110-87983E189A17}.Release|x86.ActiveCfg = Release|Any CPU
		{E5CFF852-8CBB-4908-B110-87983E189A17}.Release|x86.Build.0 = Release|Any CPU
		{19A5D54B-1C5C-42F3-9967-F1434F4A3F62}.Debug|Any CPU.ActiveCfg = Debug|Any CPU
		{19A5D54B-1C5C-42F3-9967-F1434F4A3F62}.Debug|Any CPU.Build.0 = Debug|Any CPU
		{19A5D54B-1C5C-42F3-9967-F1434F4A3F62}.Debug|x86.ActiveCfg = Debug|Any CPU
		{19A5D54B-1C5C-42F3-9967-F1434F4A3F62}.Debug|x86.Build.0 = Debug|Any CPU
		{19A5D54B-1C5C-42F3-9967-F1434F4A3F62}.Release|Any CPU.ActiveCfg = Release|Any CPU
		{19A5D54B-1C5C-42F3-9967-F1434F4A3F62}.Release|Any CPU.Build.0 = Release|Any CPU
		{19A5D54B-1C5C-42F3-9967-F1434F4A3F62}.Release|x86.ActiveCfg = Release|Any CPU
		{19A5D54B-1C5C-42F3-9967-F1434F4A3F62}.Release|x86.Build.0 = Release|Any CPU
		{96E7DF6E-2952-48B1-9A41-444E047122FF}.Debug|Any CPU.ActiveCfg = Debug|Any CPU
		{96E7DF6E-2952-48B1-9A41-444E047122FF}.Debug|Any CPU.Build.0 = Debug|Any CPU
		{96E7DF6E-2952-48B1-9A41-444E047122FF}.Debug|x86.ActiveCfg = Debug|Any CPU
		{96E7DF6E-2952-48B1-9A41-444E047122FF}.Debug|x86.Build.0 = Debug|Any CPU
		{96E7DF6E-2952-48B1-9A41-444E047122FF}.Release|Any CPU.ActiveCfg = Release|Any CPU
		{96E7DF6E-2952-48B1-9A41-444E047122FF}.Release|Any CPU.Build.0 = Release|Any CPU
		{96E7DF6E-2952-48B1-9A41-444E047122FF}.Release|x86.ActiveCfg = Release|Any CPU
		{96E7DF6E-2952-48B1-9A41-444E047122FF}.Release|x86.Build.0 = Release|Any CPU
		{9AA34B18-3ED5-4790-8332-D4680197508C}.Debug|Any CPU.ActiveCfg = Debug|Any CPU
		{9AA34B18-3ED5-4790-8332-D4680197508C}.Debug|Any CPU.Build.0 = Debug|Any CPU
		{9AA34B18-3ED5-4790-8332-D4680197508C}.Debug|x86.ActiveCfg = Debug|Any CPU
		{9AA34B18-3ED5-4790-8332-D4680197508C}.Debug|x86.Build.0 = Debug|Any CPU
		{9AA34B18-3ED5-4790-8332-D4680197508C}.Release|Any CPU.ActiveCfg = Release|Any CPU
		{9AA34B18-3ED5-4790-8332-D4680197508C}.Release|Any CPU.Build.0 = Release|Any CPU
		{9AA34B18-3ED5-4790-8332-D4680197508C}.Release|x86.ActiveCfg = Release|Any CPU
		{9AA34B18-3ED5-4790-8332-D4680197508C}.Release|x86.Build.0 = Release|Any CPU
		{6E2AC1D7-31EC-4A5F-B70B-89F5C2598F02}.Debug|Any CPU.ActiveCfg = Debug|Any CPU
		{6E2AC1D7-31EC-4A5F-B70B-89F5C2598F02}.Debug|Any CPU.Build.0 = Debug|Any CPU
		{6E2AC1D7-31EC-4A5F-B70B-89F5C2598F02}.Debug|x86.ActiveCfg = Debug|Any CPU
		{6E2AC1D7-31EC-4A5F-B70B-89F5C2598F02}.Debug|x86.Build.0 = Debug|Any CPU
		{6E2AC1D7-31EC-4A5F-B70B-89F5C2598F02}.Release|Any CPU.ActiveCfg = Release|Any CPU
		{6E2AC1D7-31EC-4A5F-B70B-89F5C2598F02}.Release|Any CPU.Build.0 = Release|Any CPU
		{6E2AC1D7-31EC-4A5F-B70B-89F5C2598F02}.Release|x86.ActiveCfg = Release|Any CPU
		{6E2AC1D7-31EC-4A5F-B70B-89F5C2598F02}.Release|x86.Build.0 = Release|Any CPU
		{ACEC29D8-096D-4C85-BA76-8D6909A4029B}.Debug|Any CPU.ActiveCfg = Debug|Any CPU
		{ACEC29D8-096D-4C85-BA76-8D6909A4029B}.Debug|Any CPU.Build.0 = Debug|Any CPU
		{ACEC29D8-096D-4C85-BA76-8D6909A4029B}.Debug|x86.ActiveCfg = Debug|Any CPU
		{ACEC29D8-096D-4C85-BA76-8D6909A4029B}.Debug|x86.Build.0 = Debug|Any CPU
		{ACEC29D8-096D-4C85-BA76-8D6909A4029B}.Release|Any CPU.ActiveCfg = Release|Any CPU
		{ACEC29D8-096D-4C85-BA76-8D6909A4029B}.Release|Any CPU.Build.0 = Release|Any CPU
		{ACEC29D8-096D-4C85-BA76-8D6909A4029B}.Release|x86.ActiveCfg = Release|Any CPU
		{ACEC29D8-096D-4C85-BA76-8D6909A4029B}.Release|x86.Build.0 = Release|Any CPU
		{8DD5D2EC-4107-4495-8689-7D490CA687C3}.Debug|Any CPU.ActiveCfg = Debug|Any CPU
		{8DD5D2EC-4107-4495-8689-7D490CA687C3}.Debug|Any CPU.Build.0 = Debug|Any CPU
		{8DD5D2EC-4107-4495-8689-7D490CA687C3}.Debug|x86.ActiveCfg = Debug|Any CPU
		{8DD5D2EC-4107-4495-8689-7D490CA687C3}.Debug|x86.Build.0 = Debug|Any CPU
		{8DD5D2EC-4107-4495-8689-7D490CA687C3}.Release|Any CPU.ActiveCfg = Release|Any CPU
		{8DD5D2EC-4107-4495-8689-7D490CA687C3}.Release|Any CPU.Build.0 = Release|Any CPU
		{8DD5D2EC-4107-4495-8689-7D490CA687C3}.Release|x86.ActiveCfg = Release|Any CPU
		{8DD5D2EC-4107-4495-8689-7D490CA687C3}.Release|x86.Build.0 = Release|Any CPU
		{9A36B16B-DF12-4E39-B7B5-CBD16BF97668}.Debug|Any CPU.ActiveCfg = Debug|Any CPU
		{9A36B16B-DF12-4E39-B7B5-CBD16BF97668}.Debug|Any CPU.Build.0 = Debug|Any CPU
		{9A36B16B-DF12-4E39-B7B5-CBD16BF97668}.Debug|x86.ActiveCfg = Debug|Any CPU
		{9A36B16B-DF12-4E39-B7B5-CBD16BF97668}.Debug|x86.Build.0 = Debug|Any CPU
		{9A36B16B-DF12-4E39-B7B5-CBD16BF97668}.Release|Any CPU.ActiveCfg = Release|Any CPU
		{9A36B16B-DF12-4E39-B7B5-CBD16BF97668}.Release|Any CPU.Build.0 = Release|Any CPU
		{9A36B16B-DF12-4E39-B7B5-CBD16BF97668}.Release|x86.ActiveCfg = Release|Any CPU
		{9A36B16B-DF12-4E39-B7B5-CBD16BF97668}.Release|x86.Build.0 = Release|Any CPU
		{199D6BE4-973D-4E05-9A15-E863309C23C0}.Debug|Any CPU.ActiveCfg = Debug|Any CPU
		{199D6BE4-973D-4E05-9A15-E863309C23C0}.Debug|Any CPU.Build.0 = Debug|Any CPU
		{199D6BE4-973D-4E05-9A15-E863309C23C0}.Debug|x86.ActiveCfg = Debug|Any CPU
		{199D6BE4-973D-4E05-9A15-E863309C23C0}.Debug|x86.Build.0 = Debug|Any CPU
		{199D6BE4-973D-4E05-9A15-E863309C23C0}.Release|Any CPU.ActiveCfg = Release|Any CPU
		{199D6BE4-973D-4E05-9A15-E863309C23C0}.Release|Any CPU.Build.0 = Release|Any CPU
		{199D6BE4-973D-4E05-9A15-E863309C23C0}.Release|x86.ActiveCfg = Release|Any CPU
		{199D6BE4-973D-4E05-9A15-E863309C23C0}.Release|x86.Build.0 = Release|Any CPU
		{BE2F1BC1-420D-48FD-B4C9-B0B92E0E440B}.Debug|Any CPU.ActiveCfg = Debug|Any CPU
		{BE2F1BC1-420D-48FD-B4C9-B0B92E0E440B}.Debug|Any CPU.Build.0 = Debug|Any CPU
		{BE2F1BC1-420D-48FD-B4C9-B0B92E0E440B}.Debug|x86.ActiveCfg = Debug|Any CPU
		{BE2F1BC1-420D-48FD-B4C9-B0B92E0E440B}.Debug|x86.Build.0 = Debug|Any CPU
		{BE2F1BC1-420D-48FD-B4C9-B0B92E0E440B}.Release|Any CPU.ActiveCfg = Release|Any CPU
		{BE2F1BC1-420D-48FD-B4C9-B0B92E0E440B}.Release|Any CPU.Build.0 = Release|Any CPU
		{BE2F1BC1-420D-48FD-B4C9-B0B92E0E440B}.Release|x86.ActiveCfg = Release|Any CPU
		{BE2F1BC1-420D-48FD-B4C9-B0B92E0E440B}.Release|x86.Build.0 = Release|Any CPU
		{6063D871-D9C1-45D9-B90E-F2614E6E1400}.Debug|Any CPU.ActiveCfg = Debug|Any CPU
		{6063D871-D9C1-45D9-B90E-F2614E6E1400}.Debug|Any CPU.Build.0 = Debug|Any CPU
		{6063D871-D9C1-45D9-B90E-F2614E6E1400}.Debug|x86.ActiveCfg = Debug|Any CPU
		{6063D871-D9C1-45D9-B90E-F2614E6E1400}.Debug|x86.Build.0 = Debug|Any CPU
		{6063D871-D9C1-45D9-B90E-F2614E6E1400}.Release|Any CPU.ActiveCfg = Release|Any CPU
		{6063D871-D9C1-45D9-B90E-F2614E6E1400}.Release|Any CPU.Build.0 = Release|Any CPU
		{6063D871-D9C1-45D9-B90E-F2614E6E1400}.Release|x86.ActiveCfg = Release|Any CPU
		{6063D871-D9C1-45D9-B90E-F2614E6E1400}.Release|x86.Build.0 = Release|Any CPU
	EndGlobalSection
	GlobalSection(SolutionProperties) = preSolution
		HideSolutionNode = FALSE
	EndGlobalSection
	GlobalSection(NestedProjects) = preSolution
		{5E842729-9255-42C7-A5A3-BDD5CC08A419} = {547CA9EC-DDDD-4234-94D8-D0079C0A5CD9}
		{8AF1566B-C6C6-409E-B312-3C1595D4F162} = {547CA9EC-DDDD-4234-94D8-D0079C0A5CD9}
		{1E2807DC-281C-4294-A9A4-4AE26D6A47EA} = {547CA9EC-DDDD-4234-94D8-D0079C0A5CD9}
		{E125C51E-1CC0-419E-9949-1F45B0762BEC} = {547CA9EC-DDDD-4234-94D8-D0079C0A5CD9}
		{5D6A718A-BD7A-4D5D-A4E0-E7EFACDD2E68} = {547CA9EC-DDDD-4234-94D8-D0079C0A5CD9}
		{644266BB-1578-4695-866F-4E132D38D876} = {547CA9EC-DDDD-4234-94D8-D0079C0A5CD9}
		{A315A946-AC0C-47AA-BF55-9F7F0D6CD49C} = {547CA9EC-DDDD-4234-94D8-D0079C0A5CD9}
		{405258DD-43EB-405A-9E5B-32276E63B6D5} = {BEF5CBE7-D0AF-42D4-80E3-B191FEB3B777}
		{650EDBBE-41EB-4ED8-B5EB-7AE505FEC92D} = {BEF5CBE7-D0AF-42D4-80E3-B191FEB3B777}
		{666C072C-5599-49B6-95EA-545B424A948F} = {BEF5CBE7-D0AF-42D4-80E3-B191FEB3B777}
		{8ACF2F16-5152-4EC1-9E9E-B6010C1A9C32} = {BEF5CBE7-D0AF-42D4-80E3-B191FEB3B777}
		{13BAD390-6EF9-47C6-B2E4-4747BEC1D807} = {BEF5CBE7-D0AF-42D4-80E3-B191FEB3B777}
		{6FAC4B65-6C13-4D57-BD25-5428D674C990} = {BEF5CBE7-D0AF-42D4-80E3-B191FEB3B777}
		{D2C77B36-0021-4A45-84E7-6C7D3741E8DC} = {BEF5CBE7-D0AF-42D4-80E3-B191FEB3B777}
		{5B424E34-90F3-455D-AB95-F2EEE4CE6857} = {F6EAAC5E-2534-4DF2-89F5-E9C36F93D6F8}
		{BEDA1E64-D109-472E-ACE8-35AACF6E8CCC} = {F6EAAC5E-2534-4DF2-89F5-E9C36F93D6F8}
		{6E19C5BE-B33D-411D-ADC2-52417F35675C} = {F6EAAC5E-2534-4DF2-89F5-E9C36F93D6F8}
		{0A4A0028-4100-4BA8-83CE-1A40E35206F1} = {F6EAAC5E-2534-4DF2-89F5-E9C36F93D6F8}
		{DAE07D91-1042-4245-BBD1-DA94BC0FF652} = {F6EAAC5E-2534-4DF2-89F5-E9C36F93D6F8}
		{08ED43A4-EDC9-4C6E-8A68-50DE806EF034} = {F6EAAC5E-2534-4DF2-89F5-E9C36F93D6F8}
		{C8F15A69-996F-459B-B8C6-C58E3057218E} = {F6EAAC5E-2534-4DF2-89F5-E9C36F93D6F8}
		{F20E1F4C-E485-4745-9C8A-98D18F2C33FC} = {02D39FB2-E0A8-49E7-8864-538734E51499}
		{E5CFF852-8CBB-4908-B110-87983E189A17} = {02D39FB2-E0A8-49E7-8864-538734E51499}
		{19A5D54B-1C5C-42F3-9967-F1434F4A3F62} = {02D39FB2-E0A8-49E7-8864-538734E51499}
		{96E7DF6E-2952-48B1-9A41-444E047122FF} = {02D39FB2-E0A8-49E7-8864-538734E51499}
		{9AA34B18-3ED5-4790-8332-D4680197508C} = {02D39FB2-E0A8-49E7-8864-538734E51499}
		{6E2AC1D7-31EC-4A5F-B70B-89F5C2598F02} = {02D39FB2-E0A8-49E7-8864-538734E51499}
		{ACEC29D8-096D-4C85-BA76-8D6909A4029B} = {02D39FB2-E0A8-49E7-8864-538734E51499}
		{8DD5D2EC-4107-4495-8689-7D490CA687C3} = {02D39FB2-E0A8-49E7-8864-538734E51499}
		{9A36B16B-DF12-4E39-B7B5-CBD16BF97668} = {02D39FB2-E0A8-49E7-8864-538734E51499}
		{199D6BE4-973D-4E05-9A15-E863309C23C0} = {02D39FB2-E0A8-49E7-8864-538734E51499}
		{BE2F1BC1-420D-48FD-B4C9-B0B92E0E440B} = {02D39FB2-E0A8-49E7-8864-538734E51499}
		{6063D871-D9C1-45D9-B90E-F2614E6E1400} = {02D39FB2-E0A8-49E7-8864-538734E51499}
	EndGlobalSection
	GlobalSection(ExtensibilityGlobals) = postSolution
		SolutionGuid = {FA20DF59-BAB6-40B3-8D48-B569FD8F1112}
	EndGlobalSection
EndGlobal
